<?xml version="1.0" encoding="utf-8"?>
<Project ToolsVersion="4.0" xmlns="http://schemas.microsoft.com/developer/msbuild/2003">
  <ItemGroup>
    <Filter Include="Source">
      <UniqueIdentifier>{4FC737F1-C7A5-4376-A066-2A32D752A2FF}</UniqueIdentifier>
      <Extensions>cpp;c;cc;cxx;def;odl;idl;hpj;bat;asm;asmx</Extensions>
    </Filter>
    <Filter Include="Source\Core">
      <UniqueIdentifier>{8185b1bf-5510-4572-bfe5-ee5e3238a2b6}</UniqueIdentifier>
    </Filter>
    <Filter Include="Source\Core\Controller">
      <UniqueIdentifier>{cc602b72-23ac-4785-bcb6-93e1d8666313}</UniqueIdentifier>
    </Filter>
    <Filter Include="Source\Core\GL">
      <UniqueIdentifier>{12bf89e0-3cd9-4ccd-ab91-312829b291ed}</UniqueIdentifier>
    </Filter>
    <Filter Include="Source\Core\GUI">
      <UniqueIdentifier>{f12b7474-3aa3-4f3d-9d29-8340ad825200}</UniqueIdentifier>
    </Filter>
    <Filter Include="Source\Core\IO">
      <UniqueIdentifier>{1649319c-c125-400b-8ec1-ee1c33623de6}</UniqueIdentifier>
    </Filter>
    <Filter Include="Source\Core\Model">
      <UniqueIdentifier>{d1083f9b-1359-4bac-951e-37332c82d1e0}</UniqueIdentifier>
    </Filter>
    <Filter Include="Source\Core\Model\Assets">
      <UniqueIdentifier>{7f9d7e99-94d7-45e5-b70d-e19af2fb3c07}</UniqueIdentifier>
    </Filter>
    <Filter Include="Source\Core\Model\Map">
      <UniqueIdentifier>{2839d24f-5cd4-42c2-a4ac-abb0d26a8fcb}</UniqueIdentifier>
    </Filter>
    <Filter Include="Source\Core\Utilities">
      <UniqueIdentifier>{d88052b6-be5a-4307-973b-f4d0a78ffa38}</UniqueIdentifier>
    </Filter>
    <Filter Include="Source\Core\Renderer">
      <UniqueIdentifier>{95d84069-b898-4c85-820f-991d785abc3d}</UniqueIdentifier>
    </Filter>
    <Filter Include="Source\Gwen">
      <UniqueIdentifier>{52bc1a0e-4c3a-443a-8558-333c6c4a493a}</UniqueIdentifier>
    </Filter>
    <Filter Include="Source\Gwen\Controls">
      <UniqueIdentifier>{51e0cfd8-1a85-4599-97e6-88c4af17b35f}</UniqueIdentifier>
    </Filter>
    <Filter Include="Source\Gwen\Controls\Dialogs">
      <UniqueIdentifier>{b461cfa0-92ba-48f8-b968-571a093fc93c}</UniqueIdentifier>
    </Filter>
    <Filter Include="Source\Gwen\Renderers">
      <UniqueIdentifier>{181be891-20e3-4fdc-8004-ac37c9da3797}</UniqueIdentifier>
    </Filter>
    <Filter Include="Source\Gwen\Platforms">
      <UniqueIdentifier>{b95e3eed-3ae4-42ad-a61f-99abb4f17fc5}</UniqueIdentifier>
    </Filter>
    <Filter Include="Header">
      <UniqueIdentifier>{93995380-89BD-4b04-88EB-625FBE52EBFB}</UniqueIdentifier>
      <Extensions>h;hpp;hxx;hm;inl;inc;xsd</Extensions>
    </Filter>
    <Filter Include="Header\Core">
      <UniqueIdentifier>{47e745a2-8be5-4bdb-94ca-e07f85238d98}</UniqueIdentifier>
    </Filter>
    <Filter Include="Header\Core\Controller">
      <UniqueIdentifier>{3274ddd9-4649-4534-b47a-40d999f8d575}</UniqueIdentifier>
    </Filter>
    <Filter Include="Header\Core\GL">
      <UniqueIdentifier>{b5958330-531f-41e1-a3d4-f69137a1073f}</UniqueIdentifier>
    </Filter>
    <Filter Include="Header\Core\GUI">
      <UniqueIdentifier>{be8caf8e-2b6b-47ce-beea-949a428781c1}</UniqueIdentifier>
    </Filter>
    <Filter Include="Header\Core\IO">
      <UniqueIdentifier>{57c9a23c-ba88-431d-872d-3d709a63887c}</UniqueIdentifier>
    </Filter>
    <Filter Include="Header\Core\Model">
      <UniqueIdentifier>{765175d4-ca00-4885-acc5-b5366ade0066}</UniqueIdentifier>
    </Filter>
    <Filter Include="Header\Core\Model\Assets">
      <UniqueIdentifier>{7e84370c-dbbf-4b61-8be4-1757aaa6630d}</UniqueIdentifier>
    </Filter>
    <Filter Include="Header\Core\Model\Map">
      <UniqueIdentifier>{45912881-f826-4f10-b17d-f846cccbb157}</UniqueIdentifier>
    </Filter>
    <Filter Include="Header\Core\Utilities">
      <UniqueIdentifier>{367e715f-4d5a-43a6-b621-cbcb5ba70c7c}</UniqueIdentifier>
    </Filter>
    <Filter Include="Header\Core\Renderer">
      <UniqueIdentifier>{b7661e01-9dae-4558-a838-f0d5835effbb}</UniqueIdentifier>
    </Filter>
    <Filter Include="Header\Gwen">
      <UniqueIdentifier>{af65901e-a2af-458e-8671-47539acc287c}</UniqueIdentifier>
    </Filter>
    <Filter Include="Header\Gwen\FreeImage">
      <UniqueIdentifier>{147bf5a9-9477-4b41-9169-51ab71e0a03d}</UniqueIdentifier>
    </Filter>
    <Filter Include="Header\Gwen\Controls">
      <UniqueIdentifier>{47edc2df-60b6-4940-851a-de01db167e9c}</UniqueIdentifier>
    </Filter>
    <Filter Include="Header\Gwen\Controls\Dialogs">
      <UniqueIdentifier>{7271f1f3-20fb-4243-880e-17fbf54cc40e}</UniqueIdentifier>
    </Filter>
    <Filter Include="Header\Gwen\Controls\Layout">
      <UniqueIdentifier>{c0577f2a-3362-46a7-a196-cd6111f12469}</UniqueIdentifier>
    </Filter>
    <Filter Include="Header\Gwen\Controls\Property">
      <UniqueIdentifier>{6965519b-1af8-4300-9b6f-bee17a720731}</UniqueIdentifier>
    </Filter>
    <Filter Include="Header\Gwen\Renderers">
      <UniqueIdentifier>{385b2638-d50d-4df0-bf03-c72151481c4e}</UniqueIdentifier>
    </Filter>
    <Filter Include="Header\Gwen\Skins">
      <UniqueIdentifier>{7d7f9da0-5cfe-43ae-a0d4-b53878a8e25c}</UniqueIdentifier>
    </Filter>
    <Filter Include="Resources">
      <UniqueIdentifier>{67DA6AB6-F800-4c08-8B7A-83BB121AAD01}</UniqueIdentifier>
      <Extensions>rc;ico;cur;bmp;dlg;rc2;rct;bin;rgs;gif;jpg;jpeg;jpe;resx;tiff;tif;png;wav;mfcribbon-ms</Extensions>
    </Filter>
    <Filter Include="Header\Core\Model\Undo">
      <UniqueIdentifier>{f221d5de-0dd3-485b-8500-fca2ef372e31}</UniqueIdentifier>
    </Filter>
    <Filter Include="Source\Core\Model\Undo">
      <UniqueIdentifier>{a1689731-4e1f-40ed-89d2-12275ac0be72}</UniqueIdentifier>
    </Filter>
    <Filter Include="Header\Core\Renderer\Figures">
      <UniqueIdentifier>{e71fd7fb-54b9-4c0f-a373-ab28281f655d}</UniqueIdentifier>
    </Filter>
    <Filter Include="Source\Core\Renderer\Figures">
      <UniqueIdentifier>{8404f5d0-49dc-44e9-93ec-7023ae41005d}</UniqueIdentifier>
    </Filter>
  </ItemGroup>
  <ItemGroup>
    <None Include="ReadMe.txt" />
    <None Include="TrenchBroom.reg" />
    <None Include="res\TrenchBroom.rc2">
      <Filter>Resources</Filter>
    </None>
    <None Include="res\TrenchBroomDoc.ico">
      <Filter>Resources</Filter>
    </None>
    <None Include="res\TrenchBroom.ico">
      <Filter>Resources</Filter>
    </None>
  </ItemGroup>
  <ItemGroup>
    <ClInclude Include="TrenchBroom.h">
      <Filter>Header</Filter>
    </ClInclude>
    <ClInclude Include="stdafx.h">
      <Filter>Header</Filter>
    </ClInclude>
    <ClInclude Include="targetver.h">
      <Filter>Header</Filter>
    </ClInclude>
    <ClInclude Include="MainFrm.h">
      <Filter>Header</Filter>
    </ClInclude>
    <ClInclude Include="MapDocument.h">
      <Filter>Header</Filter>
    </ClInclude>
    <ClInclude Include="MapView.h">
      <Filter>Header</Filter>
    </ClInclude>
    <ClInclude Include="Resource.h">
      <Filter>Header</Filter>
    </ClInclude>
    <ClInclude Include="..\..\Core\Source\Controller\CameraTool.h">
      <Filter>Header\Core\Controller</Filter>
    </ClInclude>
    <ClInclude Include="..\..\Core\Source\Controller\Editor.h">
      <Filter>Header\Core\Controller</Filter>
    </ClInclude>
    <ClInclude Include="..\..\Core\Source\Controller\Grid.h">
      <Filter>Header\Core\Controller</Filter>
    </ClInclude>
    <ClInclude Include="..\..\Core\Source\Controller\InputController.h">
      <Filter>Header\Core\Controller</Filter>
    </ClInclude>
    <ClInclude Include="..\..\Core\Source\Controller\Options.h">
      <Filter>Header\Core\Controller</Filter>
    </ClInclude>
    <ClInclude Include="..\..\Core\Source\Controller\ProgressIndicator.h">
      <Filter>Header\Core\Controller</Filter>
    </ClInclude>
    <ClInclude Include="..\..\Core\Source\Controller\SelectionTool.h">
      <Filter>Header\Core\Controller</Filter>
    </ClInclude>
    <ClInclude Include="..\..\Core\Source\Controller\Tool.h">
      <Filter>Header\Core\Controller</Filter>
    </ClInclude>
    <ClInclude Include="..\..\Core\Source\Controller\Camera.h">
      <Filter>Header\Core\Controller</Filter>
    </ClInclude>
    <ClInclude Include="..\..\Core\Source\GL\GLee.h">
      <Filter>Header\Core\GL</Filter>
    </ClInclude>
    <ClInclude Include="..\..\Core\Source\GUI\MapRendererControl.h">
      <Filter>Header\Core\GUI</Filter>
    </ClInclude>
    <ClInclude Include="..\..\Core\Source\GUI\Splitter.h">
      <Filter>Header\Core\GUI</Filter>
    </ClInclude>
    <ClInclude Include="..\..\Core\Source\GUI\EditorGui.h">
      <Filter>Header\Core\GUI</Filter>
    </ClInclude>
    <ClInclude Include="..\..\Core\Source\IO\MapParser.h">
      <Filter>Header\Core\IO</Filter>
    </ClInclude>
    <ClInclude Include="..\..\Core\Source\IO\Pak.h">
      <Filter>Header\Core\IO</Filter>
    </ClInclude>
    <ClInclude Include="..\..\Core\Source\IO\substream.h">
      <Filter>Header\Core\IO</Filter>
    </ClInclude>
    <ClInclude Include="..\..\Core\Source\IO\Wad.h">
      <Filter>Header\Core\IO</Filter>
    </ClInclude>
    <ClInclude Include="..\..\Core\Source\IO\dirent.h">
      <Filter>Header\Core\IO</Filter>
    </ClInclude>
    <ClInclude Include="..\..\Core\Source\IO\EntityDefinitionParser.h">
      <Filter>Header\Core\IO</Filter>
    </ClInclude>
    <ClInclude Include="..\..\Core\Source\Model\Preferences.h">
      <Filter>Header\Core\Model</Filter>
    </ClInclude>
    <ClInclude Include="..\..\Core\Source\Model\Selection.h">
      <Filter>Header\Core\Model</Filter>
    </ClInclude>
    <ClInclude Include="..\..\Core\Source\Model\Octree.h">
      <Filter>Header\Core\Model</Filter>
    </ClInclude>
    <ClInclude Include="..\..\Core\Source\Model\Assets\Bsp.h">
      <Filter>Header\Core\Model\Assets</Filter>
    </ClInclude>
    <ClInclude Include="..\..\Core\Source\Model\Assets\Palette.h">
      <Filter>Header\Core\Model\Assets</Filter>
    </ClInclude>
    <ClInclude Include="..\..\Core\Source\Model\Assets\Texture.h">
      <Filter>Header\Core\Model\Assets</Filter>
    </ClInclude>
    <ClInclude Include="..\..\Core\Source\Model\Assets\Alias.h">
      <Filter>Header\Core\Model\Assets</Filter>
    </ClInclude>
    <ClInclude Include="..\..\Core\Source\Model\Assets\AliasNormals.h">
      <Filter>Header\Core\Model\Assets</Filter>
    </ClInclude>
    <ClInclude Include="..\..\Core\Source\Model\Map\EntityDefinition.h">
      <Filter>Header\Core\Model\Map</Filter>
    </ClInclude>
    <ClInclude Include="..\..\Core\Source\Model\Map\Face.h">
      <Filter>Header\Core\Model\Map</Filter>
    </ClInclude>
    <ClInclude Include="..\..\Core\Source\Model\Map\Groups.h">
      <Filter>Header\Core\Model\Map</Filter>
    </ClInclude>
    <ClInclude Include="..\..\Core\Source\Model\Map\Map.h">
      <Filter>Header\Core\Model\Map</Filter>
    </ClInclude>
    <ClInclude Include="..\..\Core\Source\Model\Map\MapObject.h">
      <Filter>Header\Core\Model\Map</Filter>
    </ClInclude>
    <ClInclude Include="..\..\Core\Source\Model\Map\Picker.h">
      <Filter>Header\Core\Model\Map</Filter>
    </ClInclude>
    <ClInclude Include="..\..\Core\Source\Model\Map\Brush.h">
      <Filter>Header\Core\Model\Map</Filter>
    </ClInclude>
    <ClInclude Include="..\..\Core\Source\Model\Map\BrushGeometry.h">
      <Filter>Header\Core\Model\Map</Filter>
    </ClInclude>
    <ClInclude Include="..\..\Core\Source\Model\Map\Entity.h">
      <Filter>Header\Core\Model\Map</Filter>
    </ClInclude>
    <ClInclude Include="..\..\Core\Source\Utilities\Filter.h">
      <Filter>Header\Core\Utilities</Filter>
    </ClInclude>
    <ClInclude Include="..\..\Core\Source\Utilities\Utils.h">
      <Filter>Header\Core\Utilities</Filter>
    </ClInclude>
    <ClInclude Include="..\..\Core\Source\Utilities\VecMath.h">
      <Filter>Header\Core\Utilities</Filter>
    </ClInclude>
    <ClInclude Include="..\..\Core\Source\Utilities\Event.h">
      <Filter>Header\Core\Utilities</Filter>
    </ClInclude>
    <ClInclude Include="..\..\Core\Source\Renderer\AliasRenderer.h">
      <Filter>Header\Core\Renderer</Filter>
    </ClInclude>
    <ClInclude Include="..\..\Core\Source\Renderer\Vbo.h">
      <Filter>Header\Core\Renderer</Filter>
    </ClInclude>
    <ClInclude Include="..\..\Core\Source\Renderer\BspRenderer.h">
      <Filter>Header\Core\Renderer</Filter>
    </ClInclude>
    <ClInclude Include="..\..\Core\Source\Renderer\EntityClassnameAnchor.h">
      <Filter>Header\Core\Renderer</Filter>
    </ClInclude>
    <ClInclude Include="..\..\Core\Source\Renderer\EntityRenderer.h">
      <Filter>Header\Core\Renderer</Filter>
    </ClInclude>
    <ClInclude Include="..\..\Core\Source\Renderer\EntityRendererManager.h">
      <Filter>Header\Core\Renderer</Filter>
    </ClInclude>
    <ClInclude Include="..\..\Core\Source\Renderer\FontManager.h">
      <Filter>Header\Core\Renderer</Filter>
    </ClInclude>
    <ClInclude Include="..\..\Core\Source\Renderer\GridRenderer.h">
      <Filter>Header\Core\Renderer</Filter>
    </ClInclude>
    <ClInclude Include="..\..\Core\Source\Renderer\MapRenderer.h">
      <Filter>Header\Core\Renderer</Filter>
    </ClInclude>
    <ClInclude Include="..\..\Core\Source\Renderer\RenderUtils.h">
      <Filter>Header\Core\Renderer</Filter>
    </ClInclude>
    <ClInclude Include="..\..\Core\Source\Renderer\TextRenderer.h">
      <Filter>Header\Core\Renderer</Filter>
    </ClInclude>
    <ClInclude Include="..\..\Gwen\Source\Gwen\Align.h">
      <Filter>Header\Gwen</Filter>
    </ClInclude>
    <ClInclude Include="..\..\Gwen\Source\Gwen\Anim.h">
      <Filter>Header\Gwen</Filter>
    </ClInclude>
    <ClInclude Include="..\..\Gwen\Source\Gwen\BaseRender.h">
      <Filter>Header\Gwen</Filter>
    </ClInclude>
    <ClInclude Include="..\..\Gwen\Source\Gwen\Config.h">
      <Filter>Header\Gwen</Filter>
    </ClInclude>
    <ClInclude Include="..\..\Gwen\Source\Gwen\Controls.h">
      <Filter>Header\Gwen</Filter>
    </ClInclude>
    <ClInclude Include="..\..\Gwen\Source\Gwen\DragAndDrop.h">
      <Filter>Header\Gwen</Filter>
    </ClInclude>
    <ClInclude Include="..\..\Gwen\Source\Gwen\Events.h">
      <Filter>Header\Gwen</Filter>
    </ClInclude>
    <ClInclude Include="..\..\Gwen\Source\Gwen\Font.h">
      <Filter>Header\Gwen</Filter>
    </ClInclude>
    <ClInclude Include="..\..\Gwen\Source\Gwen\Gwen.h">
      <Filter>Header\Gwen</Filter>
    </ClInclude>
    <ClInclude Include="..\..\Gwen\Source\Gwen\Hook.h">
      <Filter>Header\Gwen</Filter>
    </ClInclude>
    <ClInclude Include="..\..\Gwen\Source\Gwen\InputHandler.h">
      <Filter>Header\Gwen</Filter>
    </ClInclude>
    <ClInclude Include="..\..\Gwen\Source\Gwen\Macros.h">
      <Filter>Header\Gwen</Filter>
    </ClInclude>
    <ClInclude Include="..\..\Gwen\Source\Gwen\Platform.h">
      <Filter>Header\Gwen</Filter>
    </ClInclude>
    <ClInclude Include="..\..\Gwen\Source\Gwen\Skin.h">
      <Filter>Header\Gwen</Filter>
    </ClInclude>
    <ClInclude Include="..\..\Gwen\Source\Gwen\Structures.h">
      <Filter>Header\Gwen</Filter>
    </ClInclude>
    <ClInclude Include="..\..\Gwen\Source\Gwen\TextObject.h">
      <Filter>Header\Gwen</Filter>
    </ClInclude>
    <ClInclude Include="..\..\Gwen\Source\Gwen\Texture.h">
      <Filter>Header\Gwen</Filter>
    </ClInclude>
    <ClInclude Include="..\..\Gwen\Source\Gwen\ToolTip.h">
      <Filter>Header\Gwen</Filter>
    </ClInclude>
    <ClInclude Include="..\..\Gwen\Source\Gwen\Utility.h">
      <Filter>Header\Gwen</Filter>
    </ClInclude>
    <ClInclude Include="..\..\Gwen\Source\Gwen\Controls\Button.h">
      <Filter>Header\Gwen\Controls</Filter>
    </ClInclude>
    <ClInclude Include="..\..\Gwen\Source\Gwen\Controls\Canvas.h">
      <Filter>Header\Gwen\Controls</Filter>
    </ClInclude>
    <ClInclude Include="..\..\Gwen\Source\Gwen\Controls\CheckBox.h">
      <Filter>Header\Gwen\Controls</Filter>
    </ClInclude>
    <ClInclude Include="..\..\Gwen\Source\Gwen\Controls\CollapsibleCategory.h">
      <Filter>Header\Gwen\Controls</Filter>
    </ClInclude>
    <ClInclude Include="..\..\Gwen\Source\Gwen\Controls\CollapsibleList.h">
      <Filter>Header\Gwen\Controls</Filter>
    </ClInclude>
    <ClInclude Include="..\..\Gwen\Source\Gwen\Controls\ColorControls.h">
      <Filter>Header\Gwen\Controls</Filter>
    </ClInclude>
    <ClInclude Include="..\..\Gwen\Source\Gwen\Controls\ColorPicker.h">
      <Filter>Header\Gwen\Controls</Filter>
    </ClInclude>
    <ClInclude Include="..\..\Gwen\Source\Gwen\Controls\ComboBox.h">
      <Filter>Header\Gwen\Controls</Filter>
    </ClInclude>
    <ClInclude Include="..\..\Gwen\Source\Gwen\Controls\CrossSplitter.h">
      <Filter>Header\Gwen\Controls</Filter>
    </ClInclude>
    <ClInclude Include="..\..\Gwen\Source\Gwen\Controls\DockBase.h">
      <Filter>Header\Gwen\Controls</Filter>
    </ClInclude>
    <ClInclude Include="..\..\Gwen\Source\Gwen\Controls\DockedTabControl.h">
      <Filter>Header\Gwen\Controls</Filter>
    </ClInclude>
    <ClInclude Include="..\..\Gwen\Source\Gwen\Controls\Dragger.h">
      <Filter>Header\Gwen\Controls</Filter>
    </ClInclude>
    <ClInclude Include="..\..\Gwen\Source\Gwen\Controls\GroupBox.h">
      <Filter>Header\Gwen\Controls</Filter>
    </ClInclude>
    <ClInclude Include="..\..\Gwen\Source\Gwen\Controls\Highlight.h">
      <Filter>Header\Gwen\Controls</Filter>
    </ClInclude>
    <ClInclude Include="..\..\Gwen\Source\Gwen\Controls\HorizontalScrollBar.h">
      <Filter>Header\Gwen\Controls</Filter>
    </ClInclude>
    <ClInclude Include="..\..\Gwen\Source\Gwen\Controls\HorizontalSlider.h">
      <Filter>Header\Gwen\Controls</Filter>
    </ClInclude>
    <ClInclude Include="..\..\Gwen\Source\Gwen\Controls\HSVColorPicker.h">
      <Filter>Header\Gwen\Controls</Filter>
    </ClInclude>
    <ClInclude Include="..\..\Gwen\Source\Gwen\Controls\ImagePanel.h">
      <Filter>Header\Gwen\Controls</Filter>
    </ClInclude>
    <ClInclude Include="..\..\Gwen\Source\Gwen\Controls\Label.h">
      <Filter>Header\Gwen\Controls</Filter>
    </ClInclude>
    <ClInclude Include="..\..\Gwen\Source\Gwen\Controls\LabelClickable.h">
      <Filter>Header\Gwen\Controls</Filter>
    </ClInclude>
    <ClInclude Include="..\..\Gwen\Source\Gwen\Controls\ListBox.h">
      <Filter>Header\Gwen\Controls</Filter>
    </ClInclude>
    <ClInclude Include="..\..\Gwen\Source\Gwen\Controls\Menu.h">
      <Filter>Header\Gwen\Controls</Filter>
    </ClInclude>
    <ClInclude Include="..\..\Gwen\Source\Gwen\Controls\MenuItem.h">
      <Filter>Header\Gwen\Controls</Filter>
    </ClInclude>
    <ClInclude Include="..\..\Gwen\Source\Gwen\Controls\MenuStrip.h">
      <Filter>Header\Gwen\Controls</Filter>
    </ClInclude>
    <ClInclude Include="..\..\Gwen\Source\Gwen\Controls\Modal.h">
      <Filter>Header\Gwen\Controls</Filter>
    </ClInclude>
    <ClInclude Include="..\..\Gwen\Source\Gwen\Controls\NumericUpDown.h">
      <Filter>Header\Gwen\Controls</Filter>
    </ClInclude>
    <ClInclude Include="..\..\Gwen\Source\Gwen\Controls\ProgressBar.h">
      <Filter>Header\Gwen\Controls</Filter>
    </ClInclude>
    <ClInclude Include="..\..\Gwen\Source\Gwen\Controls\Properties.h">
      <Filter>Header\Gwen\Controls</Filter>
    </ClInclude>
    <ClInclude Include="..\..\Gwen\Source\Gwen\Controls\PropertyTree.h">
      <Filter>Header\Gwen\Controls</Filter>
    </ClInclude>
    <ClInclude Include="..\..\Gwen\Source\Gwen\Controls\RadioButton.h">
      <Filter>Header\Gwen\Controls</Filter>
    </ClInclude>
    <ClInclude Include="..\..\Gwen\Source\Gwen\Controls\RadioButtonController.h">
      <Filter>Header\Gwen\Controls</Filter>
    </ClInclude>
    <ClInclude Include="..\..\Gwen\Source\Gwen\Controls\ResizableControl.h">
      <Filter>Header\Gwen\Controls</Filter>
    </ClInclude>
    <ClInclude Include="..\..\Gwen\Source\Gwen\Controls\Resizer.h">
      <Filter>Header\Gwen\Controls</Filter>
    </ClInclude>
    <ClInclude Include="..\..\Gwen\Source\Gwen\Controls\RichLabel.h">
      <Filter>Header\Gwen\Controls</Filter>
    </ClInclude>
    <ClInclude Include="..\..\Gwen\Source\Gwen\Controls\ScrollBar.h">
      <Filter>Header\Gwen\Controls</Filter>
    </ClInclude>
    <ClInclude Include="..\..\Gwen\Source\Gwen\Controls\ScrollBarBar.h">
      <Filter>Header\Gwen\Controls</Filter>
    </ClInclude>
    <ClInclude Include="..\..\Gwen\Source\Gwen\Controls\ScrollBarButton.h">
      <Filter>Header\Gwen\Controls</Filter>
    </ClInclude>
    <ClInclude Include="..\..\Gwen\Source\Gwen\Controls\ScrollControl.h">
      <Filter>Header\Gwen\Controls</Filter>
    </ClInclude>
    <ClInclude Include="..\..\Gwen\Source\Gwen\Controls\Slider.h">
      <Filter>Header\Gwen\Controls</Filter>
    </ClInclude>
    <ClInclude Include="..\..\Gwen\Source\Gwen\Controls\SplitterBar.h">
      <Filter>Header\Gwen\Controls</Filter>
    </ClInclude>
    <ClInclude Include="..\..\Gwen\Source\Gwen\Controls\StatusBar.h">
      <Filter>Header\Gwen\Controls</Filter>
    </ClInclude>
    <ClInclude Include="..\..\Gwen\Source\Gwen\Controls\TabButton.h">
      <Filter>Header\Gwen\Controls</Filter>
    </ClInclude>
    <ClInclude Include="..\..\Gwen\Source\Gwen\Controls\TabControl.h">
      <Filter>Header\Gwen\Controls</Filter>
    </ClInclude>
    <ClInclude Include="..\..\Gwen\Source\Gwen\Controls\TabStrip.h">
      <Filter>Header\Gwen\Controls</Filter>
    </ClInclude>
    <ClInclude Include="..\..\Gwen\Source\Gwen\Controls\TabTitleBar.h">
      <Filter>Header\Gwen\Controls</Filter>
    </ClInclude>
    <ClInclude Include="..\..\Gwen\Source\Gwen\Controls\Text.h">
      <Filter>Header\Gwen\Controls</Filter>
    </ClInclude>
    <ClInclude Include="..\..\Gwen\Source\Gwen\Controls\TextBox.h">
      <Filter>Header\Gwen\Controls</Filter>
    </ClInclude>
    <ClInclude Include="..\..\Gwen\Source\Gwen\Controls\ToolBar.h">
      <Filter>Header\Gwen\Controls</Filter>
    </ClInclude>
    <ClInclude Include="..\..\Gwen\Source\Gwen\Controls\TreeControl.h">
      <Filter>Header\Gwen\Controls</Filter>
    </ClInclude>
    <ClInclude Include="..\..\Gwen\Source\Gwen\Controls\TreeNode.h">
      <Filter>Header\Gwen\Controls</Filter>
    </ClInclude>
    <ClInclude Include="..\..\Gwen\Source\Gwen\Controls\VerticalScrollBar.h">
      <Filter>Header\Gwen\Controls</Filter>
    </ClInclude>
    <ClInclude Include="..\..\Gwen\Source\Gwen\Controls\VerticalSlider.h">
      <Filter>Header\Gwen\Controls</Filter>
    </ClInclude>
    <ClInclude Include="..\..\Gwen\Source\Gwen\Controls\WindowControl.h">
      <Filter>Header\Gwen\Controls</Filter>
    </ClInclude>
    <ClInclude Include="..\..\Gwen\Source\Gwen\Controls\Base.h">
      <Filter>Header\Gwen\Controls</Filter>
    </ClInclude>
    <ClInclude Include="..\..\Gwen\Source\Gwen\Controls\Dialogs\FileOpen.h">
      <Filter>Header\Gwen\Controls\Dialogs</Filter>
    </ClInclude>
    <ClInclude Include="..\..\Gwen\Source\Gwen\Controls\Dialogs\FileSave.h">
      <Filter>Header\Gwen\Controls\Dialogs</Filter>
    </ClInclude>
    <ClInclude Include="..\..\Gwen\Source\Gwen\Controls\Dialogs\Query.h">
      <Filter>Header\Gwen\Controls\Dialogs</Filter>
    </ClInclude>
    <ClInclude Include="..\..\Gwen\Source\Gwen\Controls\Layout\Position.h">
      <Filter>Header\Gwen\Controls\Layout</Filter>
    </ClInclude>
    <ClInclude Include="..\..\Gwen\Source\Gwen\Controls\Layout\Splitter.h">
      <Filter>Header\Gwen\Controls\Layout</Filter>
    </ClInclude>
    <ClInclude Include="..\..\Gwen\Source\Gwen\Controls\Layout\Table.h">
      <Filter>Header\Gwen\Controls\Layout</Filter>
    </ClInclude>
    <ClInclude Include="..\..\Gwen\Source\Gwen\Controls\Property\ColorSelector.h">
      <Filter>Header\Gwen\Controls\Property</Filter>
    </ClInclude>
    <ClInclude Include="..\..\Gwen\Source\Gwen\Controls\Property\Text.h">
      <Filter>Header\Gwen\Controls\Property</Filter>
    </ClInclude>
    <ClInclude Include="..\..\Gwen\Source\Gwen\Controls\Property\BaseProperty.h">
      <Filter>Header\Gwen\Controls\Property</Filter>
    </ClInclude>
    <ClInclude Include="..\..\Gwen\Source\Gwen\Controls\Property\Checkbox.h">
      <Filter>Header\Gwen\Controls\Property</Filter>
    </ClInclude>
    <ClInclude Include="..\..\Gwen\Source\FreeImage\FreeImage.h">
      <Filter>Header\Gwen\FreeImage</Filter>
    </ClInclude>
    <ClInclude Include="..\..\Gwen\Source\Gwen\Renderers\FontData.h">
      <Filter>Header\Gwen\Renderers</Filter>
    </ClInclude>
    <ClInclude Include="..\..\Gwen\Source\Gwen\Renderers\OpenGL.h">
      <Filter>Header\Gwen\Renderers</Filter>
    </ClInclude>
    <ClInclude Include="..\..\Gwen\Source\Gwen\Renderers\OpenGL_DebugFont.h">
      <Filter>Header\Gwen\Renderers</Filter>
    </ClInclude>
    <ClInclude Include="..\..\Gwen\Source\Gwen\Skins\TexturedBase.h">
      <Filter>Header\Gwen\Skins</Filter>
    </ClInclude>
    <ClInclude Include="..\..\Gwen\Source\Gwen\Skins\Texturing.h">
      <Filter>Header\Gwen\Skins</Filter>
    </ClInclude>
    <ClInclude Include="..\..\Gwen\Source\Gwen\Skins\Simple.h">
      <Filter>Header\Gwen\Skins</Filter>
    </ClInclude>
    <ClInclude Include="ProgressDialog.h">
      <Filter>Header</Filter>
    </ClInclude>
    <ClInclude Include="WinPreferences.h">
      <Filter>Header</Filter>
    </ClInclude>
    <ClInclude Include="..\..\Core\Source\Utilities\SharedPointer.h">
      <Filter>Header\Core\Utilities</Filter>
    </ClInclude>
    <ClInclude Include="..\..\Core\Source\Utilities\Console.h">
      <Filter>Header\Core\Utilities</Filter>
    </ClInclude>
    <ClInclude Include="WinConsole.h">
      <Filter>Header</Filter>
    </ClInclude>
    <ClInclude Include="PreferencesDialog.h">
      <Filter>Header</Filter>
    </ClInclude>
    <ClInclude Include="..\..\Core\Source\Renderer\ChangeSet.h">
      <Filter>Header\Core\Renderer</Filter>
    </ClInclude>
    <ClInclude Include="..\..\Core\Source\Renderer\RenderContext.h">
      <Filter>Header\Core\Renderer</Filter>
    </ClInclude>
    <ClInclude Include="..\..\Core\Source\Controller\DragPlane.h">
      <Filter>Header\Core\Controller</Filter>
    </ClInclude>
    <ClInclude Include="..\..\Core\Source\Controller\DragTool.h">
      <Filter>Header\Core\Controller</Filter>
    </ClInclude>
    <ClInclude Include="..\..\Core\Source\Controller\MoveObjectTool.h">
      <Filter>Header\Core\Controller</Filter>
    </ClInclude>
    <ClInclude Include="..\..\Core\Source\Model\Undo\InvocationUndoItem.h">
      <Filter>Header\Core\Model\Undo</Filter>
    </ClInclude>
    <ClInclude Include="..\..\Core\Source\Model\Undo\UndoItem.h">
      <Filter>Header\Core\Model\Undo</Filter>
    </ClInclude>
    <ClInclude Include="..\..\Core\Source\Model\Undo\UndoManager.h">
      <Filter>Header\Core\Model\Undo</Filter>
    </ClInclude>
    <ClInclude Include="..\..\Core\Source\Renderer\Figures\Figure.h">
      <Filter>Header\Core\Renderer\Figures</Filter>
    </ClInclude>
    <ClInclude Include="..\..\Core\Source\Renderer\Figures\PositioningGuideFigure.h">
      <Filter>Header\Core\Renderer\Figures</Filter>
    </ClInclude>
    <ClInclude Include="WinFontManager.h">
      <Filter>Header</Filter>
    </ClInclude>
    <ClInclude Include="..\..\Core\Source\Model\Undo\SnapshotUndoItem.h">
      <Filter>Header\Core\Model\Undo</Filter>
    </ClInclude>
    <ClInclude Include="..\..\Core\Source\GUI\CellLayout.h">
      <Filter>Header\Core\GUI</Filter>
    </ClInclude>
    <ClInclude Include="..\..\Core\Source\GUI\Inspector.h">
      <Filter>Header\Core\GUI</Filter>
    </ClInclude>
    <ClInclude Include="..\..\Core\Source\GUI\SingleTextureControl.h">
      <Filter>Header\Core\GUI</Filter>
    </ClInclude>
    <ClInclude Include="..\..\Core\Source\GUI\TextureBrowserControl.h">
      <Filter>Header\Core\GUI</Filter>
    </ClInclude>
    <ClInclude Include="..\..\Gwen\Source\Gwen\Renderers\OpenGL_FTGL.h">
      <Filter>Header\Gwen\Renderers</Filter>
    </ClInclude>
  </ItemGroup>
  <ItemGroup>
    <ClCompile Include="TrenchBroom.cpp">
      <Filter>Source</Filter>
    </ClCompile>
    <ClCompile Include="stdafx.cpp">
      <Filter>Source</Filter>
    </ClCompile>
    <ClCompile Include="MainFrm.cpp">
      <Filter>Source</Filter>
    </ClCompile>
    <ClCompile Include="MapDocument.cpp">
      <Filter>Source</Filter>
    </ClCompile>
    <ClCompile Include="MapView.cpp">
      <Filter>Source</Filter>
    </ClCompile>
    <ClCompile Include="..\..\Core\Source\Controller\Camera.cpp">
      <Filter>Source\Core\Controller</Filter>
    </ClCompile>
    <ClCompile Include="..\..\Core\Source\Controller\CameraTool.cpp">
      <Filter>Source\Core\Controller</Filter>
    </ClCompile>
    <ClCompile Include="..\..\Core\Source\Controller\Editor.cpp">
      <Filter>Source\Core\Controller</Filter>
    </ClCompile>
    <ClCompile Include="..\..\Core\Source\Controller\Grid.cpp">
      <Filter>Source\Core\Controller</Filter>
    </ClCompile>
    <ClCompile Include="..\..\Core\Source\Controller\InputController.cpp">
      <Filter>Source\Core\Controller</Filter>
    </ClCompile>
    <ClCompile Include="..\..\Core\Source\Controller\SelectionTool.cpp">
      <Filter>Source\Core\Controller</Filter>
    </ClCompile>
    <ClCompile Include="..\..\Core\Source\GL\GLee.c">
      <Filter>Source\Core\GL</Filter>
    </ClCompile>
    <ClCompile Include="..\..\Core\Source\GUI\EditorGui.cpp">
      <Filter>Source\Core\GUI</Filter>
    </ClCompile>
    <ClCompile Include="..\..\Core\Source\GUI\MapRendererControl.cpp">
      <Filter>Source\Core\GUI</Filter>
    </ClCompile>
    <ClCompile Include="..\..\Core\Source\GUI\Splitter.cpp">
      <Filter>Source\Core\GUI</Filter>
    </ClCompile>
    <ClCompile Include="..\..\Core\Source\IO\EntityDefinitionParser.cpp">
      <Filter>Source\Core\IO</Filter>
    </ClCompile>
    <ClCompile Include="..\..\Core\Source\IO\MapParser.cpp">
      <Filter>Source\Core\IO</Filter>
    </ClCompile>
    <ClCompile Include="..\..\Core\Source\IO\Pak.cpp">
      <Filter>Source\Core\IO</Filter>
    </ClCompile>
    <ClCompile Include="..\..\Core\Source\IO\Wad.cpp">
      <Filter>Source\Core\IO</Filter>
    </ClCompile>
    <ClCompile Include="..\..\Core\Source\Model\Octree.cpp">
      <Filter>Source\Core\Model</Filter>
    </ClCompile>
    <ClCompile Include="..\..\Core\Source\Model\Preferences.cpp">
      <Filter>Source\Core\Model</Filter>
    </ClCompile>
    <ClCompile Include="..\..\Core\Source\Model\Selection.cpp">
      <Filter>Source\Core\Model</Filter>
    </ClCompile>
    <ClCompile Include="..\..\Core\Source\Model\Assets\Alias.cpp">
      <Filter>Source\Core\Model\Assets</Filter>
    </ClCompile>
    <ClCompile Include="..\..\Core\Source\Model\Assets\Bsp.cpp">
      <Filter>Source\Core\Model\Assets</Filter>
    </ClCompile>
    <ClCompile Include="..\..\Core\Source\Model\Assets\Palette.cpp">
      <Filter>Source\Core\Model\Assets</Filter>
    </ClCompile>
    <ClCompile Include="..\..\Core\Source\Model\Assets\Texture.cpp">
      <Filter>Source\Core\Model\Assets</Filter>
    </ClCompile>
    <ClCompile Include="..\..\Core\Source\Model\Map\Brush.cpp">
      <Filter>Source\Core\Model\Map</Filter>
    </ClCompile>
    <ClCompile Include="..\..\Core\Source\Model\Map\BrushGeometry.cpp">
      <Filter>Source\Core\Model\Map</Filter>
    </ClCompile>
    <ClCompile Include="..\..\Core\Source\Model\Map\Entity.cpp">
      <Filter>Source\Core\Model\Map</Filter>
    </ClCompile>
    <ClCompile Include="..\..\Core\Source\Model\Map\EntityDefinition.cpp">
      <Filter>Source\Core\Model\Map</Filter>
    </ClCompile>
    <ClCompile Include="..\..\Core\Source\Model\Map\Face.cpp">
      <Filter>Source\Core\Model\Map</Filter>
    </ClCompile>
    <ClCompile Include="..\..\Core\Source\Model\Map\Groups.cpp">
      <Filter>Source\Core\Model\Map</Filter>
    </ClCompile>
    <ClCompile Include="..\..\Core\Source\Model\Map\Map.cpp">
      <Filter>Source\Core\Model\Map</Filter>
    </ClCompile>
    <ClCompile Include="..\..\Core\Source\Model\Map\MapObject.cpp">
      <Filter>Source\Core\Model\Map</Filter>
    </ClCompile>
    <ClCompile Include="..\..\Core\Source\Model\Map\Picker.cpp">
      <Filter>Source\Core\Model\Map</Filter>
    </ClCompile>
    <ClCompile Include="..\..\Core\Source\Renderer\AliasRenderer.cpp">
      <Filter>Source\Core\Renderer</Filter>
    </ClCompile>
    <ClCompile Include="..\..\Core\Source\Renderer\BspRenderer.cpp">
      <Filter>Source\Core\Renderer</Filter>
    </ClCompile>
    <ClCompile Include="..\..\Core\Source\Renderer\EntityClassnameAnchor.cpp">
      <Filter>Source\Core\Renderer</Filter>
    </ClCompile>
    <ClCompile Include="..\..\Core\Source\Renderer\EntityRendererManager.cpp">
      <Filter>Source\Core\Renderer</Filter>
    </ClCompile>
    <ClCompile Include="..\..\Core\Source\Renderer\FontManager.cpp">
      <Filter>Source\Core\Renderer</Filter>
    </ClCompile>
    <ClCompile Include="..\..\Core\Source\Renderer\GridRenderer.cpp">
      <Filter>Source\Core\Renderer</Filter>
    </ClCompile>
    <ClCompile Include="..\..\Core\Source\Renderer\MapRenderer.cpp">
      <Filter>Source\Core\Renderer</Filter>
    </ClCompile>
    <ClCompile Include="..\..\Core\Source\Renderer\RenderUtils.cpp">
      <Filter>Source\Core\Renderer</Filter>
    </ClCompile>
    <ClCompile Include="..\..\Core\Source\Renderer\TextRenderer.cpp">
      <Filter>Source\Core\Renderer</Filter>
    </ClCompile>
    <ClCompile Include="..\..\Core\Source\Renderer\Vbo.cpp">
      <Filter>Source\Core\Renderer</Filter>
    </ClCompile>
    <ClCompile Include="..\..\Core\Source\Utilities\Filter.cpp">
      <Filter>Source\Core\Utilities</Filter>
    </ClCompile>
    <ClCompile Include="..\..\Core\Source\Utilities\Utils.cpp">
      <Filter>Source\Core\Utilities</Filter>
    </ClCompile>
    <ClCompile Include="..\..\Core\Source\Utilities\VecMath.cpp">
      <Filter>Source\Core\Utilities</Filter>
    </ClCompile>
    <ClCompile Include="..\..\Gwen\Source\Gwen\DragAndDrop.cpp">
      <Filter>Source\Gwen</Filter>
    </ClCompile>
    <ClCompile Include="..\..\Gwen\Source\Gwen\events.cpp">
      <Filter>Source\Gwen</Filter>
    </ClCompile>
    <ClCompile Include="..\..\Gwen\Source\Gwen\Gwen.cpp">
      <Filter>Source\Gwen</Filter>
    </ClCompile>
    <ClCompile Include="..\..\Gwen\Source\Gwen\Hook.cpp">
      <Filter>Source\Gwen</Filter>
    </ClCompile>
    <ClCompile Include="..\..\Gwen\Source\Gwen\inputhandler.cpp">
      <Filter>Source\Gwen</Filter>
    </ClCompile>
    <ClCompile Include="..\..\Gwen\Source\Gwen\Skin.cpp">
      <Filter>Source\Gwen</Filter>
    </ClCompile>
    <ClCompile Include="..\..\Gwen\Source\Gwen\ToolTip.cpp">
      <Filter>Source\Gwen</Filter>
    </ClCompile>
    <ClCompile Include="..\..\Gwen\Source\Gwen\Utility.cpp">
      <Filter>Source\Gwen</Filter>
    </ClCompile>
    <ClCompile Include="..\..\Gwen\Source\Gwen\Anim.cpp">
      <Filter>Source\Gwen</Filter>
    </ClCompile>
    <ClCompile Include="..\..\Gwen\Source\Gwen\BaseRender.cpp">
      <Filter>Source\Gwen</Filter>
    </ClCompile>
    <ClCompile Include="..\..\Gwen\Source\Gwen\Controls\Base.cpp">
      <Filter>Source\Gwen\Controls</Filter>
    </ClCompile>
    <ClCompile Include="..\..\Gwen\Source\Gwen\Controls\Button.cpp">
      <Filter>Source\Gwen\Controls</Filter>
    </ClCompile>
    <ClCompile Include="..\..\Gwen\Source\Gwen\Controls\Canvas.cpp">
      <Filter>Source\Gwen\Controls</Filter>
    </ClCompile>
    <ClCompile Include="..\..\Gwen\Source\Gwen\Controls\CheckBox.cpp">
      <Filter>Source\Gwen\Controls</Filter>
    </ClCompile>
    <ClCompile Include="..\..\Gwen\Source\Gwen\Controls\CollapsibleCategory.cpp">
      <Filter>Source\Gwen\Controls</Filter>
    </ClCompile>
    <ClCompile Include="..\..\Gwen\Source\Gwen\Controls\ColorControls.cpp">
      <Filter>Source\Gwen\Controls</Filter>
    </ClCompile>
    <ClCompile Include="..\..\Gwen\Source\Gwen\Controls\ColorPicker.cpp">
      <Filter>Source\Gwen\Controls</Filter>
    </ClCompile>
    <ClCompile Include="..\..\Gwen\Source\Gwen\Controls\ComboBox.cpp">
      <Filter>Source\Gwen\Controls</Filter>
    </ClCompile>
    <ClCompile Include="..\..\Gwen\Source\Gwen\Controls\CrossSplitter.cpp">
      <Filter>Source\Gwen\Controls</Filter>
    </ClCompile>
    <ClCompile Include="..\..\Gwen\Source\Gwen\Controls\DockBase.cpp">
      <Filter>Source\Gwen\Controls</Filter>
    </ClCompile>
    <ClCompile Include="..\..\Gwen\Source\Gwen\Controls\DockedTabControl.cpp">
      <Filter>Source\Gwen\Controls</Filter>
    </ClCompile>
    <ClCompile Include="..\..\Gwen\Source\Gwen\Controls\Dragger.cpp">
      <Filter>Source\Gwen\Controls</Filter>
    </ClCompile>
    <ClCompile Include="..\..\Gwen\Source\Gwen\Controls\GroupBox.cpp">
      <Filter>Source\Gwen\Controls</Filter>
    </ClCompile>
    <ClCompile Include="..\..\Gwen\Source\Gwen\Controls\HorizontalScrollBar.cpp">
      <Filter>Source\Gwen\Controls</Filter>
    </ClCompile>
    <ClCompile Include="..\..\Gwen\Source\Gwen\Controls\HorizontalSlider.cpp">
      <Filter>Source\Gwen\Controls</Filter>
    </ClCompile>
    <ClCompile Include="..\..\Gwen\Source\Gwen\Controls\HSVColorPicker.cpp">
      <Filter>Source\Gwen\Controls</Filter>
    </ClCompile>
    <ClCompile Include="..\..\Gwen\Source\Gwen\Controls\ImagePanel.cpp">
      <Filter>Source\Gwen\Controls</Filter>
    </ClCompile>
    <ClCompile Include="..\..\Gwen\Source\Gwen\Controls\Label.cpp">
      <Filter>Source\Gwen\Controls</Filter>
    </ClCompile>
    <ClCompile Include="..\..\Gwen\Source\Gwen\Controls\LabelClickable.cpp">
      <Filter>Source\Gwen\Controls</Filter>
    </ClCompile>
    <ClCompile Include="..\..\Gwen\Source\Gwen\Controls\ListBox.cpp">
      <Filter>Source\Gwen\Controls</Filter>
    </ClCompile>
    <ClCompile Include="..\..\Gwen\Source\Gwen\Controls\Menu.cpp">
      <Filter>Source\Gwen\Controls</Filter>
    </ClCompile>
    <ClCompile Include="..\..\Gwen\Source\Gwen\Controls\MenuItem.cpp">
      <Filter>Source\Gwen\Controls</Filter>
    </ClCompile>
    <ClCompile Include="..\..\Gwen\Source\Gwen\Controls\MenuStrip.cpp">
      <Filter>Source\Gwen\Controls</Filter>
    </ClCompile>
    <ClCompile Include="..\..\Gwen\Source\Gwen\Controls\NumericUpDown.cpp">
      <Filter>Source\Gwen\Controls</Filter>
    </ClCompile>
    <ClCompile Include="..\..\Gwen\Source\Gwen\Controls\ProgressBar.cpp">
      <Filter>Source\Gwen\Controls</Filter>
    </ClCompile>
    <ClCompile Include="..\..\Gwen\Source\Gwen\Controls\Properties.cpp">
      <Filter>Source\Gwen\Controls</Filter>
    </ClCompile>
    <ClCompile Include="..\..\Gwen\Source\Gwen\Controls\RadioButton.cpp">
      <Filter>Source\Gwen\Controls</Filter>
    </ClCompile>
    <ClCompile Include="..\..\Gwen\Source\Gwen\Controls\RadioButtonController.cpp">
      <Filter>Source\Gwen\Controls</Filter>
    </ClCompile>
    <ClCompile Include="..\..\Gwen\Source\Gwen\Controls\ResizableControl.cpp">
      <Filter>Source\Gwen\Controls</Filter>
    </ClCompile>
    <ClCompile Include="..\..\Gwen\Source\Gwen\Controls\Resizer.cpp">
      <Filter>Source\Gwen\Controls</Filter>
    </ClCompile>
    <ClCompile Include="..\..\Gwen\Source\Gwen\Controls\RichLabel.cpp">
      <Filter>Source\Gwen\Controls</Filter>
    </ClCompile>
    <ClCompile Include="..\..\Gwen\Source\Gwen\Controls\ScrollBar.cpp">
      <Filter>Source\Gwen\Controls</Filter>
    </ClCompile>
    <ClCompile Include="..\..\Gwen\Source\Gwen\Controls\ScrollBarBar.cpp">
      <Filter>Source\Gwen\Controls</Filter>
    </ClCompile>
    <ClCompile Include="..\..\Gwen\Source\Gwen\Controls\ScrollBarButton.cpp">
      <Filter>Source\Gwen\Controls</Filter>
    </ClCompile>
    <ClCompile Include="..\..\Gwen\Source\Gwen\Controls\ScrollControl.cpp">
      <Filter>Source\Gwen\Controls</Filter>
    </ClCompile>
    <ClCompile Include="..\..\Gwen\Source\Gwen\Controls\Slider.cpp">
      <Filter>Source\Gwen\Controls</Filter>
    </ClCompile>
    <ClCompile Include="..\..\Gwen\Source\Gwen\Controls\SplitterBar.cpp">
      <Filter>Source\Gwen\Controls</Filter>
    </ClCompile>
    <ClCompile Include="..\..\Gwen\Source\Gwen\Controls\TabButton.cpp">
      <Filter>Source\Gwen\Controls</Filter>
    </ClCompile>
    <ClCompile Include="..\..\Gwen\Source\Gwen\Controls\TabControl.cpp">
      <Filter>Source\Gwen\Controls</Filter>
    </ClCompile>
    <ClCompile Include="..\..\Gwen\Source\Gwen\Controls\TabStrip.cpp">
      <Filter>Source\Gwen\Controls</Filter>
    </ClCompile>
    <ClCompile Include="..\..\Gwen\Source\Gwen\Controls\Text.cpp">
      <Filter>Source\Gwen\Controls</Filter>
    </ClCompile>
    <ClCompile Include="..\..\Gwen\Source\Gwen\Controls\TextBox.cpp">
      <Filter>Source\Gwen\Controls</Filter>
    </ClCompile>
    <ClCompile Include="..\..\Gwen\Source\Gwen\Controls\TextBoxNumeric.cpp">
      <Filter>Source\Gwen\Controls</Filter>
    </ClCompile>
    <ClCompile Include="..\..\Gwen\Source\Gwen\Controls\TreeControl.cpp">
      <Filter>Source\Gwen\Controls</Filter>
    </ClCompile>
    <ClCompile Include="..\..\Gwen\Source\Gwen\Controls\TreeNode.cpp">
      <Filter>Source\Gwen\Controls</Filter>
    </ClCompile>
    <ClCompile Include="..\..\Gwen\Source\Gwen\Controls\VerticalScrollBar.cpp">
      <Filter>Source\Gwen\Controls</Filter>
    </ClCompile>
    <ClCompile Include="..\..\Gwen\Source\Gwen\Controls\VerticalSlider.cpp">
      <Filter>Source\Gwen\Controls</Filter>
    </ClCompile>
    <ClCompile Include="..\..\Gwen\Source\Gwen\Controls\WindowControl.cpp">
      <Filter>Source\Gwen\Controls</Filter>
    </ClCompile>
    <ClCompile Include="..\..\Gwen\Source\Gwen\Controls\Dialogs\FileOpen.cpp">
      <Filter>Source\Gwen\Controls\Dialogs</Filter>
    </ClCompile>
    <ClCompile Include="..\..\Gwen\Source\Gwen\Controls\Dialogs\FileSave.cpp">
      <Filter>Source\Gwen\Controls\Dialogs</Filter>
    </ClCompile>
    <ClCompile Include="..\..\Gwen\Source\Gwen\Controls\Dialogs\Query.cpp">
      <Filter>Source\Gwen\Controls\Dialogs</Filter>
    </ClCompile>
    <ClCompile Include="..\..\Gwen\Source\Gwen\Platforms\Null.cpp">
      <Filter>Source\Gwen\Platforms</Filter>
    </ClCompile>
    <ClCompile Include="..\..\Gwen\Source\Gwen\Platforms\Windows.cpp">
      <Filter>Source\Gwen\Platforms</Filter>
    </ClCompile>
    <ClCompile Include="..\..\Gwen\Source\Gwen\Renderers\OpenGL.cpp">
      <Filter>Source\Gwen\Renderers</Filter>
    </ClCompile>
    <ClCompile Include="..\..\Gwen\Source\Gwen\Renderers\OpenGL_DebugFont.cpp">
      <Filter>Source\Gwen\Renderers</Filter>
    </ClCompile>
    <ClCompile Include="ProgressDialog.cpp">
      <Filter>Source</Filter>
    </ClCompile>
    <ClCompile Include="WinPreferences.cpp">
      <Filter>Source</Filter>
    </ClCompile>
    <ClCompile Include="..\..\Core\Source\Utilities\Console.cpp">
      <Filter>Source\Core\Utilities</Filter>
    </ClCompile>
    <ClCompile Include="WinConsole.cpp">
      <Filter>Source</Filter>
    </ClCompile>
    <ClCompile Include="PreferencesDialog.cpp">
      <Filter>Source</Filter>
    </ClCompile>
    <ClCompile Include="..\..\Core\Source\Renderer\ChangeSet.cpp">
      <Filter>Source\Core\Renderer</Filter>
    </ClCompile>
    <ClCompile Include="..\..\Core\Source\Renderer\RenderContext.cpp">
      <Filter>Source\Core\Renderer</Filter>
    </ClCompile>
    <ClCompile Include="..\..\Core\Source\Controller\DragTool.cpp">
      <Filter>Source\Core\Controller</Filter>
    </ClCompile>
    <ClCompile Include="..\..\Core\Source\Controller\DragPlane.cpp">
      <Filter>Source\Core\Controller</Filter>
    </ClCompile>
    <ClCompile Include="..\..\Core\Source\Controller\MoveObjectTool.cpp">
      <Filter>Source\Core\Controller</Filter>
    </ClCompile>
    <ClCompile Include="..\..\Core\Source\Model\Undo\InvocationUndoItem.cpp">
      <Filter>Source\Core\Model\Undo</Filter>
    </ClCompile>
    <ClCompile Include="..\..\Core\Source\Model\Undo\UndoItem.cpp">
      <Filter>Source\Core\Model\Undo</Filter>
    </ClCompile>
    <ClCompile Include="..\..\Core\Source\Model\Undo\UndoManager.cpp">
      <Filter>Source\Core\Model\Undo</Filter>
    </ClCompile>
    <ClCompile Include="..\..\Core\Source\Renderer\Figures\PositioningGuideFigure.cpp">
      <Filter>Source\Core\Renderer\Figures</Filter>
    </ClCompile>
    <ClCompile Include="WinFontManager.cpp">
      <Filter>Source</Filter>
    </ClCompile>
    <ClCompile Include="..\..\Core\Source\Model\Undo\SnapshotUndoItem.cpp">
      <Filter>Source\Core\Model\Undo</Filter>
    </ClCompile>
    <ClCompile Include="..\..\Core\Source\GUI\Inspector.cpp">
      <Filter>Source\Core\GUI</Filter>
    </ClCompile>
    <ClCompile Include="..\..\Core\Source\GUI\SingleTextureControl.cpp">
      <Filter>Source\Core\GUI</Filter>
    </ClCompile>
    <ClCompile Include="..\..\Core\Source\GUI\TextureBrowserControl.cpp">
      <Filter>Source\Core\GUI</Filter>
    </ClCompile>
    <ClCompile Include="..\..\Gwen\Source\Gwen\Renderers\OpenGL_FTGL.cpp">
      <Filter>Source\Gwen\Renderers</Filter>
    </ClCompile>
  </ItemGroup>
  <ItemGroup>
    <ResourceCompile Include="TrenchBroom.rc">
      <Filter>Resources</Filter>
    </ResourceCompile>
  </ItemGroup>
  <ItemGroup>
    <Library Include="FreeImage.lib">
      <Filter>Resources</Filter>
    </Library>
  </ItemGroup>
</Project>