// !$*UTF8*$!
{
	archiveVersion = 1;
	classes = {
	};
	objectVersion = 46;
	objects = {

/* Begin PBXBuildFile section */
		4810276615E4FBF000250C9C /* MapGLCanvas.cpp in Sources */ = {isa = PBXBuildFile; fileRef = 4810276415E4FBF000250C9C /* MapGLCanvas.cpp */; };
		4810276C15E5313F00250C9C /* Inspector.cpp in Sources */ = {isa = PBXBuildFile; fileRef = 4810276A15E5313F00250C9C /* Inspector.cpp */; };
		4810276F15E53DD300250C9C /* EntityDefinition.cpp in Sources */ = {isa = PBXBuildFile; fileRef = 4810276D15E53DD300250C9C /* EntityDefinition.cpp */; };
		4810277315E54A3000250C9C /* EntityDefinitionManager.cpp in Sources */ = {isa = PBXBuildFile; fileRef = 4810277115E54A3000250C9C /* EntityDefinitionManager.cpp */; };
		4810277F15E56F9B00250C9C /* StandardDefinitionParser.cpp in Sources */ = {isa = PBXBuildFile; fileRef = 4810277D15E56F9B00250C9C /* StandardDefinitionParser.cpp */; };
		4810278B15E67A7300250C9C /* Brush.cpp in Sources */ = {isa = PBXBuildFile; fileRef = 4810278915E67A7300250C9C /* Brush.cpp */; };
		481028A015E68E5300250C9C /* Face.cpp in Sources */ = {isa = PBXBuildFile; fileRef = 4810289E15E68E5300250C9C /* Face.cpp */; };
		481028A915E77A8D00250C9C /* Map.cpp in Sources */ = {isa = PBXBuildFile; fileRef = 481028A715E77A8D00250C9C /* Map.cpp */; };
		484763D615E2BC5000095BC0 /* Cocoa.framework in Frameworks */ = {isa = PBXBuildFile; fileRef = 484763D515E2BC5000095BC0 /* Cocoa.framework */; };
		484763E015E2BC5000095BC0 /* InfoPlist.strings in Resources */ = {isa = PBXBuildFile; fileRef = 484763DE15E2BC5000095BC0 /* InfoPlist.strings */; };
		4847640B15E2DEE100095BC0 /* MapDocument.cpp in Sources */ = {isa = PBXBuildFile; fileRef = 4847640915E2DEE100095BC0 /* MapDocument.cpp */; };
		4847640E15E2E03000095BC0 /* Entity.cpp in Sources */ = {isa = PBXBuildFile; fileRef = 4847640C15E2E03000095BC0 /* Entity.cpp */; };
		48AF491F15E77BF90083DE52 /* BrushGeometry.cpp in Sources */ = {isa = PBXBuildFile; fileRef = 48AF491D15E77BF90083DE52 /* BrushGeometry.cpp */; };
		48AF492515E8265B0083DE52 /* Texture.cpp in Sources */ = {isa = PBXBuildFile; fileRef = 48AF492315E8265A0083DE52 /* Texture.cpp */; };
		48AF492815E8CC270083DE52 /* MapParser.cpp in Sources */ = {isa = PBXBuildFile; fileRef = 48AF492615E8CC270083DE52 /* MapParser.cpp */; };
		48D1BE9D15E2E5550073C030 /* Vec3f.cpp in Sources */ = {isa = PBXBuildFile; fileRef = 48D1BE9C15E2E5550073C030 /* Vec3f.cpp */; };
		48D1BEA315E2F3BC0073C030 /* Mat4f.cpp in Sources */ = {isa = PBXBuildFile; fileRef = 48D1BEA215E2F3BB0073C030 /* Mat4f.cpp */; };
		48D1BEAE15E3AC060073C030 /* EditorView.cpp in Sources */ = {isa = PBXBuildFile; fileRef = 48D1BEAC15E3AC060073C030 /* EditorView.cpp */; };
		48D1BEB415E4237B0073C030 /* EditorFrame.cpp in Sources */ = {isa = PBXBuildFile; fileRef = 48D1BEB215E4237A0073C030 /* EditorFrame.cpp */; };
		48D1BEB715E423F60073C030 /* TrenchBroomApp.cpp in Sources */ = {isa = PBXBuildFile; fileRef = 48D1BEB515E423F60073C030 /* TrenchBroomApp.cpp */; };
/* End PBXBuildFile section */

/* Begin PBXFileReference section */
		4810276415E4FBF000250C9C /* MapGLCanvas.cpp */ = {isa = PBXFileReference; fileEncoding = 4; lastKnownFileType = sourcecode.cpp.cpp; path = MapGLCanvas.cpp; sourceTree = "<group>"; };
		4810276515E4FBF000250C9C /* MapGLCanvas.h */ = {isa = PBXFileReference; fileEncoding = 4; lastKnownFileType = sourcecode.c.h; path = MapGLCanvas.h; sourceTree = "<group>"; };
		4810276815E52F3700250C9C /* GLee.c */ = {isa = PBXFileReference; lastKnownFileType = sourcecode.c.c; path = GLee.c; sourceTree = "<group>"; };
		4810276915E52F3700250C9C /* GLee.h */ = {isa = PBXFileReference; lastKnownFileType = sourcecode.c.h; path = GLee.h; sourceTree = "<group>"; };
		4810276A15E5313F00250C9C /* Inspector.cpp */ = {isa = PBXFileReference; fileEncoding = 4; lastKnownFileType = sourcecode.cpp.cpp; path = Inspector.cpp; sourceTree = "<group>"; };
		4810276B15E5313F00250C9C /* Inspector.h */ = {isa = PBXFileReference; fileEncoding = 4; lastKnownFileType = sourcecode.c.h; path = Inspector.h; sourceTree = "<group>"; };
		4810276D15E53DD300250C9C /* EntityDefinition.cpp */ = {isa = PBXFileReference; fileEncoding = 4; lastKnownFileType = sourcecode.cpp.cpp; path = EntityDefinition.cpp; sourceTree = "<group>"; };
		4810276E15E53DD300250C9C /* EntityDefinition.h */ = {isa = PBXFileReference; fileEncoding = 4; lastKnownFileType = sourcecode.c.h; path = EntityDefinition.h; sourceTree = "<group>"; };
		4810277015E541A200250C9C /* String.h */ = {isa = PBXFileReference; lastKnownFileType = sourcecode.c.h; path = String.h; sourceTree = "<group>"; };
		4810277115E54A3000250C9C /* EntityDefinitionManager.cpp */ = {isa = PBXFileReference; fileEncoding = 4; lastKnownFileType = sourcecode.cpp.cpp; path = EntityDefinitionManager.cpp; sourceTree = "<group>"; };
		4810277215E54A3000250C9C /* EntityDefinitionManager.h */ = {isa = PBXFileReference; fileEncoding = 4; lastKnownFileType = sourcecode.c.h; path = EntityDefinitionManager.h; sourceTree = "<group>"; };
		4810277C15E56F9B00250C9C /* AbstractTokenizer.h */ = {isa = PBXFileReference; fileEncoding = 4; lastKnownFileType = sourcecode.c.h; path = AbstractTokenizer.h; sourceTree = "<group>"; };
		4810277D15E56F9B00250C9C /* StandardDefinitionParser.cpp */ = {isa = PBXFileReference; fileEncoding = 4; lastKnownFileType = sourcecode.cpp.cpp; path = StandardDefinitionParser.cpp; sourceTree = "<group>"; };
		4810277E15E56F9B00250C9C /* StandardDefinitionParser.h */ = {isa = PBXFileReference; fileEncoding = 4; lastKnownFileType = sourcecode.c.h; path = StandardDefinitionParser.h; sourceTree = "<group>"; };
		4810278015E5701E00250C9C /* Pool.h */ = {isa = PBXFileReference; lastKnownFileType = sourcecode.c.h; path = Pool.h; sourceTree = "<group>"; };
		4810278115E594C400250C9C /* MessageException.h */ = {isa = PBXFileReference; lastKnownFileType = sourcecode.c.h; path = MessageException.h; sourceTree = "<group>"; };
		4810278215E5954A00250C9C /* ParserException.h */ = {isa = PBXFileReference; lastKnownFileType = sourcecode.c.h; path = ParserException.h; sourceTree = "<group>"; };
		4810278615E621FA00250C9C /* PropertyDefinition.h */ = {isa = PBXFileReference; fileEncoding = 4; lastKnownFileType = sourcecode.c.h; path = PropertyDefinition.h; sourceTree = "<group>"; };
		4810278915E67A7300250C9C /* Brush.cpp */ = {isa = PBXFileReference; fileEncoding = 4; lastKnownFileType = sourcecode.cpp.cpp; path = Brush.cpp; sourceTree = "<group>"; };
		4810278A15E67A7300250C9C /* Brush.h */ = {isa = PBXFileReference; fileEncoding = 4; lastKnownFileType = sourcecode.c.h; path = Brush.h; sourceTree = "<group>"; };
		4810289E15E68E5300250C9C /* Face.cpp */ = {isa = PBXFileReference; fileEncoding = 4; lastKnownFileType = sourcecode.cpp.cpp; path = Face.cpp; sourceTree = "<group>"; };
		4810289F15E68E5300250C9C /* Face.h */ = {isa = PBXFileReference; fileEncoding = 4; lastKnownFileType = sourcecode.c.h; path = Face.h; sourceTree = "<group>"; };
		481028A215E75BD900250C9C /* FaceTypes.h */ = {isa = PBXFileReference; lastKnownFileType = sourcecode.c.h; path = FaceTypes.h; sourceTree = "<group>"; };
		481028A315E75C3400250C9C /* BrushTypes.h */ = {isa = PBXFileReference; lastKnownFileType = sourcecode.c.h; path = BrushTypes.h; sourceTree = "<group>"; };
		481028A415E75C6000250C9C /* EntityTypes.h */ = {isa = PBXFileReference; lastKnownFileType = sourcecode.c.h; path = EntityTypes.h; sourceTree = "<group>"; };
		481028A515E75CD000250C9C /* EntityDefinitionTypes.h */ = {isa = PBXFileReference; lastKnownFileType = sourcecode.c.h; path = EntityDefinitionTypes.h; sourceTree = "<group>"; };
		481028A615E7778200250C9C /* EditState.h */ = {isa = PBXFileReference; lastKnownFileType = sourcecode.c.h; path = EditState.h; sourceTree = "<group>"; };
		481028A715E77A8D00250C9C /* Map.cpp */ = {isa = PBXFileReference; fileEncoding = 4; lastKnownFileType = sourcecode.cpp.cpp; path = Map.cpp; sourceTree = "<group>"; };
		481028A815E77A8D00250C9C /* Map.h */ = {isa = PBXFileReference; fileEncoding = 4; lastKnownFileType = sourcecode.c.h; path = Map.h; sourceTree = "<group>"; };
		484763D115E2BC5000095BC0 /* TrenchBroom.app */ = {isa = PBXFileReference; explicitFileType = wrapper.application; includeInIndex = 0; path = TrenchBroom.app; sourceTree = BUILT_PRODUCTS_DIR; };
		484763D515E2BC5000095BC0 /* Cocoa.framework */ = {isa = PBXFileReference; lastKnownFileType = wrapper.framework; name = Cocoa.framework; path = System/Library/Frameworks/Cocoa.framework; sourceTree = SDKROOT; };
		484763D815E2BC5000095BC0 /* AppKit.framework */ = {isa = PBXFileReference; lastKnownFileType = wrapper.framework; name = AppKit.framework; path = System/Library/Frameworks/AppKit.framework; sourceTree = SDKROOT; };
		484763D915E2BC5000095BC0 /* CoreData.framework */ = {isa = PBXFileReference; lastKnownFileType = wrapper.framework; name = CoreData.framework; path = System/Library/Frameworks/CoreData.framework; sourceTree = SDKROOT; };
		484763DA15E2BC5000095BC0 /* Foundation.framework */ = {isa = PBXFileReference; lastKnownFileType = wrapper.framework; name = Foundation.framework; path = System/Library/Frameworks/Foundation.framework; sourceTree = SDKROOT; };
		484763DD15E2BC5000095BC0 /* TrenchBroom-Info.plist */ = {isa = PBXFileReference; lastKnownFileType = text.plist.xml; path = "TrenchBroom-Info.plist"; sourceTree = "<group>"; };
		484763DF15E2BC5000095BC0 /* en */ = {isa = PBXFileReference; lastKnownFileType = text.plist.strings; name = en; path = en.lproj/InfoPlist.strings; sourceTree = "<group>"; };
		484763E315E2BC5000095BC0 /* TrenchBroom-Prefix.pch */ = {isa = PBXFileReference; lastKnownFileType = sourcecode.c.h; path = "TrenchBroom-Prefix.pch"; sourceTree = "<group>"; };
		4847640915E2DEE100095BC0 /* MapDocument.cpp */ = {isa = PBXFileReference; fileEncoding = 4; lastKnownFileType = sourcecode.cpp.cpp; path = MapDocument.cpp; sourceTree = "<group>"; };
		4847640A15E2DEE100095BC0 /* MapDocument.h */ = {isa = PBXFileReference; fileEncoding = 4; lastKnownFileType = sourcecode.c.h; path = MapDocument.h; sourceTree = "<group>"; };
		4847640C15E2E03000095BC0 /* Entity.cpp */ = {isa = PBXFileReference; fileEncoding = 4; lastKnownFileType = sourcecode.cpp.cpp; path = Entity.cpp; sourceTree = "<group>"; };
		4847640D15E2E03000095BC0 /* Entity.h */ = {isa = PBXFileReference; fileEncoding = 4; lastKnownFileType = sourcecode.c.h; path = Entity.h; sourceTree = "<group>"; };
		4847641015E2E06900095BC0 /* MapObject.h */ = {isa = PBXFileReference; fileEncoding = 4; lastKnownFileType = sourcecode.c.h; path = MapObject.h; sourceTree = "<group>"; };
		4847641415E2E0E800095BC0 /* Vec2f.h */ = {isa = PBXFileReference; fileEncoding = 4; lastKnownFileType = sourcecode.c.h; path = Vec2f.h; sourceTree = "<group>"; };
		48AF491D15E77BF90083DE52 /* BrushGeometry.cpp */ = {isa = PBXFileReference; fileEncoding = 4; lastKnownFileType = sourcecode.cpp.cpp; path = BrushGeometry.cpp; sourceTree = "<group>"; };
		48AF491E15E77BF90083DE52 /* BrushGeometry.h */ = {isa = PBXFileReference; fileEncoding = 4; lastKnownFileType = sourcecode.c.h; path = BrushGeometry.h; sourceTree = "<group>"; };
		48AF492115E782E90083DE52 /* BrushGeometryTypes.h */ = {isa = PBXFileReference; lastKnownFileType = sourcecode.c.h; path = BrushGeometryTypes.h; sourceTree = "<group>"; };
		48AF492215E784590083DE52 /* MapExceptions.h */ = {isa = PBXFileReference; lastKnownFileType = sourcecode.c.h; path = MapExceptions.h; sourceTree = "<group>"; };
		48AF492315E8265A0083DE52 /* Texture.cpp */ = {isa = PBXFileReference; fileEncoding = 4; lastKnownFileType = sourcecode.cpp.cpp; path = Texture.cpp; sourceTree = "<group>"; };
		48AF492415E8265A0083DE52 /* Texture.h */ = {isa = PBXFileReference; fileEncoding = 4; lastKnownFileType = sourcecode.c.h; path = Texture.h; sourceTree = "<group>"; };
		48AF492615E8CC270083DE52 /* MapParser.cpp */ = {isa = PBXFileReference; fileEncoding = 4; lastKnownFileType = sourcecode.cpp.cpp; path = MapParser.cpp; sourceTree = "<group>"; };
		48AF492715E8CC270083DE52 /* MapParser.h */ = {isa = PBXFileReference; fileEncoding = 4; lastKnownFileType = sourcecode.c.h; path = MapParser.h; sourceTree = "<group>"; };
		48AF492915E8F0B20083DE52 /* ProgressIndicator.h */ = {isa = PBXFileReference; lastKnownFileType = sourcecode.c.h; path = ProgressIndicator.h; sourceTree = "<group>"; };
		48D1BE9815E2E2930073C030 /* Math.h */ = {isa = PBXFileReference; lastKnownFileType = sourcecode.c.h; path = Math.h; sourceTree = "<group>"; };
		48D1BE9A15E2E35C0073C030 /* Vec3f.h */ = {isa = PBXFileReference; lastKnownFileType = sourcecode.c.h; path = Vec3f.h; sourceTree = "<group>"; };
		48D1BE9B15E2E3B50073C030 /* VecMath.h */ = {isa = PBXFileReference; lastKnownFileType = sourcecode.c.h; path = VecMath.h; sourceTree = "<group>"; };
		48D1BE9C15E2E5550073C030 /* Vec3f.cpp */ = {isa = PBXFileReference; fileEncoding = 4; lastKnownFileType = sourcecode.cpp.cpp; path = Vec3f.cpp; sourceTree = "<group>"; };
		48D1BE9E15E2EC5D0073C030 /* Vec4f.h */ = {isa = PBXFileReference; lastKnownFileType = sourcecode.c.h; path = Vec4f.h; sourceTree = "<group>"; };
		48D1BE9F15E2EDAE0073C030 /* Mat2f.h */ = {isa = PBXFileReference; lastKnownFileType = sourcecode.c.h; path = Mat2f.h; sourceTree = "<group>"; };
		48D1BEA015E2EE920073C030 /* Mat3f.h */ = {isa = PBXFileReference; lastKnownFileType = sourcecode.c.h; path = Mat3f.h; sourceTree = "<group>"; };
		48D1BEA115E2F3200073C030 /* Mat4f.h */ = {isa = PBXFileReference; lastKnownFileType = sourcecode.c.h; path = Mat4f.h; sourceTree = "<group>"; };
		48D1BEA215E2F3BB0073C030 /* Mat4f.cpp */ = {isa = PBXFileReference; fileEncoding = 4; lastKnownFileType = sourcecode.cpp.cpp; path = Mat4f.cpp; sourceTree = "<group>"; };
		48D1BEA415E2F4F80073C030 /* Quat.h */ = {isa = PBXFileReference; lastKnownFileType = sourcecode.c.h; path = Quat.h; sourceTree = "<group>"; };
		48D1BEA515E2F8CC0073C030 /* Ray.h */ = {isa = PBXFileReference; lastKnownFileType = sourcecode.c.h; path = Ray.h; sourceTree = "<group>"; };
		48D1BEA815E2FBAC0073C030 /* Line.h */ = {isa = PBXFileReference; lastKnownFileType = sourcecode.c.h; path = Line.h; sourceTree = "<group>"; };
		48D1BEA915E2FC150073C030 /* BBox.h */ = {isa = PBXFileReference; lastKnownFileType = sourcecode.c.h; path = BBox.h; sourceTree = "<group>"; };
		48D1BEAA15E2FF860073C030 /* Plane.h */ = {isa = PBXFileReference; lastKnownFileType = sourcecode.c.h; path = Plane.h; sourceTree = "<group>"; };
		48D1BEAB15E305FA0073C030 /* CoordinatePlane.h */ = {isa = PBXFileReference; lastKnownFileType = sourcecode.c.h; path = CoordinatePlane.h; sourceTree = "<group>"; };
		48D1BEAC15E3AC060073C030 /* EditorView.cpp */ = {isa = PBXFileReference; fileEncoding = 4; lastKnownFileType = sourcecode.cpp.cpp; path = EditorView.cpp; sourceTree = "<group>"; };
		48D1BEAD15E3AC060073C030 /* EditorView.h */ = {isa = PBXFileReference; fileEncoding = 4; lastKnownFileType = sourcecode.c.h; path = EditorView.h; sourceTree = "<group>"; };
		48D1BEB215E4237A0073C030 /* EditorFrame.cpp */ = {isa = PBXFileReference; fileEncoding = 4; lastKnownFileType = sourcecode.cpp.cpp; path = EditorFrame.cpp; sourceTree = "<group>"; };
		48D1BEB315E4237B0073C030 /* EditorFrame.h */ = {isa = PBXFileReference; fileEncoding = 4; lastKnownFileType = sourcecode.c.h; path = EditorFrame.h; sourceTree = "<group>"; };
		48D1BEB515E423F60073C030 /* TrenchBroomApp.cpp */ = {isa = PBXFileReference; fileEncoding = 4; lastKnownFileType = sourcecode.cpp.cpp; path = TrenchBroomApp.cpp; sourceTree = "<group>"; };
		48D1BEB615E423F60073C030 /* TrenchBroomApp.h */ = {isa = PBXFileReference; fileEncoding = 4; lastKnownFileType = sourcecode.c.h; path = TrenchBroomApp.h; sourceTree = "<group>"; };
/* End PBXFileReference section */

/* Begin PBXFrameworksBuildPhase section */
		484763CE15E2BC5000095BC0 /* Frameworks */ = {
			isa = PBXFrameworksBuildPhase;
			buildActionMask = 2147483647;
			files = (
				484763D615E2BC5000095BC0 /* Cocoa.framework in Frameworks */,
			);
			runOnlyForDeploymentPostprocessing = 0;
		};
/* End PBXFrameworksBuildPhase section */

/* Begin PBXGroup section */
		4810277B15E56F9B00250C9C /* IO */ = {
			isa = PBXGroup;
			children = (
				4810277C15E56F9B00250C9C /* AbstractTokenizer.h */,
				48AF492615E8CC270083DE52 /* MapParser.cpp */,
				48AF492715E8CC270083DE52 /* MapParser.h */,
				4810278215E5954A00250C9C /* ParserException.h */,
				4810277D15E56F9B00250C9C /* StandardDefinitionParser.cpp */,
				4810277E15E56F9B00250C9C /* StandardDefinitionParser.h */,
			);
			name = IO;
			path = ../Source/IO;
			sourceTree = "<group>";
		};
		484763C615E2BC5000095BC0 = {
			isa = PBXGroup;
			children = (
				4847640615E2DECB00095BC0 /* Controller */,
				4810277B15E56F9B00250C9C /* IO */,
				4847640715E2DECB00095BC0 /* Model */,
				4847641215E2E0C200095BC0 /* Utility */,
				4847640815E2DECB00095BC0 /* View */,
				484763DB15E2BC5000095BC0 /* Mac */,
				484763D415E2BC5000095BC0 /* Frameworks */,
				484763D215E2BC5000095BC0 /* Products */,
			);
			sourceTree = "<group>";
		};
		484763D215E2BC5000095BC0 /* Products */ = {
			isa = PBXGroup;
			children = (
				484763D115E2BC5000095BC0 /* TrenchBroom.app */,
			);
			name = Products;
			sourceTree = "<group>";
		};
		484763D415E2BC5000095BC0 /* Frameworks */ = {
			isa = PBXGroup;
			children = (
				484763D515E2BC5000095BC0 /* Cocoa.framework */,
				484763D715E2BC5000095BC0 /* Other Frameworks */,
			);
			name = Frameworks;
			sourceTree = "<group>";
		};
		484763D715E2BC5000095BC0 /* Other Frameworks */ = {
			isa = PBXGroup;
			children = (
				484763D815E2BC5000095BC0 /* AppKit.framework */,
				484763D915E2BC5000095BC0 /* CoreData.framework */,
				484763DA15E2BC5000095BC0 /* Foundation.framework */,
			);
			name = "Other Frameworks";
			sourceTree = "<group>";
		};
		484763DB15E2BC5000095BC0 /* Mac */ = {
			isa = PBXGroup;
			children = (
				484763DC15E2BC5000095BC0 /* Supporting Files */,
				48D1BEB515E423F60073C030 /* TrenchBroomApp.cpp */,
				48D1BEB615E423F60073C030 /* TrenchBroomApp.h */,
			);
			name = Mac;
			path = TrenchBroom;
			sourceTree = "<group>";
		};
		484763DC15E2BC5000095BC0 /* Supporting Files */ = {
			isa = PBXGroup;
			children = (
				484763DD15E2BC5000095BC0 /* TrenchBroom-Info.plist */,
				484763DE15E2BC5000095BC0 /* InfoPlist.strings */,
				484763E315E2BC5000095BC0 /* TrenchBroom-Prefix.pch */,
			);
			name = "Supporting Files";
			sourceTree = "<group>";
		};
		4847640615E2DECB00095BC0 /* Controller */ = {
			isa = PBXGroup;
			children = (
			);
			name = Controller;
			path = ../Source/Controller;
			sourceTree = "<group>";
		};
		4847640715E2DECB00095BC0 /* Model */ = {
			isa = PBXGroup;
			children = (
				4810278915E67A7300250C9C /* Brush.cpp */,
				4810278A15E67A7300250C9C /* Brush.h */,
				48AF491D15E77BF90083DE52 /* BrushGeometry.cpp */,
				48AF491E15E77BF90083DE52 /* BrushGeometry.h */,
				48AF492115E782E90083DE52 /* BrushGeometryTypes.h */,
				481028A315E75C3400250C9C /* BrushTypes.h */,
				481028A615E7778200250C9C /* EditState.h */,
				4847640C15E2E03000095BC0 /* Entity.cpp */,
				4847640D15E2E03000095BC0 /* Entity.h */,
				4810276D15E53DD300250C9C /* EntityDefinition.cpp */,
				4810276E15E53DD300250C9C /* EntityDefinition.h */,
				4810277115E54A3000250C9C /* EntityDefinitionManager.cpp */,
				4810277215E54A3000250C9C /* EntityDefinitionManager.h */,
				481028A515E75CD000250C9C /* EntityDefinitionTypes.h */,
				481028A415E75C6000250C9C /* EntityTypes.h */,
				4810289E15E68E5300250C9C /* Face.cpp */,
				4810289F15E68E5300250C9C /* Face.h */,
				481028A215E75BD900250C9C /* FaceTypes.h */,
				481028A715E77A8D00250C9C /* Map.cpp */,
				481028A815E77A8D00250C9C /* Map.h */,
				4847640915E2DEE100095BC0 /* MapDocument.cpp */,
				4847640A15E2DEE100095BC0 /* MapDocument.h */,
				4847641015E2E06900095BC0 /* MapObject.h */,
				4810278615E621FA00250C9C /* PropertyDefinition.h */,
				48AF492215E784590083DE52 /* MapExceptions.h */,
				48AF492315E8265A0083DE52 /* Texture.cpp */,
				48AF492415E8265A0083DE52 /* Texture.h */,
			);
			name = Model;
			path = ../Source/Model;
			sourceTree = "<group>";
		};
		4847640815E2DECB00095BC0 /* View */ = {
			isa = PBXGroup;
			children = (
				48D1BEAC15E3AC060073C030 /* EditorView.cpp */,
				48D1BEAD15E3AC060073C030 /* EditorView.h */,
				48D1BEB215E4237A0073C030 /* EditorFrame.cpp */,
				48D1BEB315E4237B0073C030 /* EditorFrame.h */,
				4810276415E4FBF000250C9C /* MapGLCanvas.cpp */,
				4810276515E4FBF000250C9C /* MapGLCanvas.h */,
				4810276A15E5313F00250C9C /* Inspector.cpp */,
				4810276B15E5313F00250C9C /* Inspector.h */,
			);
			name = View;
			path = ../Source/View;
			sourceTree = "<group>";
		};
		4847641215E2E0C200095BC0 /* Utility */ = {
			isa = PBXGroup;
			children = (
				4810276815E52F3700250C9C /* GLee.c */,
				4810276915E52F3700250C9C /* GLee.h */,
				48D1BEA915E2FC150073C030 /* BBox.h */,
				48D1BEAB15E305FA0073C030 /* CoordinatePlane.h */,
				4810278015E5701E00250C9C /* Pool.h */,
				48D1BEA815E2FBAC0073C030 /* Line.h */,
				48D1BE9F15E2EDAE0073C030 /* Mat2f.h */,
				48D1BEA015E2EE920073C030 /* Mat3f.h */,
				48D1BEA215E2F3BB0073C030 /* Mat4f.cpp */,
				48D1BEA115E2F3200073C030 /* Mat4f.h */,
				48D1BE9815E2E2930073C030 /* Math.h */,
				4810278115E594C400250C9C /* MessageException.h */,
				48D1BEAA15E2FF860073C030 /* Plane.h */,
				48AF492915E8F0B20083DE52 /* ProgressIndicator.h */,
				48D1BEA415E2F4F80073C030 /* Quat.h */,
				48D1BEA515E2F8CC0073C030 /* Ray.h */,
				4810277015E541A200250C9C /* String.h */,
				4847641415E2E0E800095BC0 /* Vec2f.h */,
				48D1BE9C15E2E5550073C030 /* Vec3f.cpp */,
				48D1BE9A15E2E35C0073C030 /* Vec3f.h */,
				48D1BE9E15E2EC5D0073C030 /* Vec4f.h */,
				48D1BE9B15E2E3B50073C030 /* VecMath.h */,
			);
			name = Utility;
			path = ../Source/Utility;
			sourceTree = "<group>";
		};
/* End PBXGroup section */

/* Begin PBXNativeTarget section */
		484763D015E2BC5000095BC0 /* TrenchBroom */ = {
			isa = PBXNativeTarget;
			buildConfigurationList = 484763EF15E2BC5000095BC0 /* Build configuration list for PBXNativeTarget "TrenchBroom" */;
			buildPhases = (
				484763CD15E2BC5000095BC0 /* Sources */,
				484763CE15E2BC5000095BC0 /* Frameworks */,
				484763CF15E2BC5000095BC0 /* Resources */,
			);
			buildRules = (
			);
			dependencies = (
			);
			name = TrenchBroom;
			productName = TrenchBroom;
			productReference = 484763D115E2BC5000095BC0 /* TrenchBroom.app */;
			productType = "com.apple.product-type.application";
		};
/* End PBXNativeTarget section */

/* Begin PBXProject section */
		484763C815E2BC5000095BC0 /* Project object */ = {
			isa = PBXProject;
			attributes = {
				LastUpgradeCheck = 0440;
				ORGANIZATIONNAME = "Kristian Duske";
			};
			buildConfigurationList = 484763CB15E2BC5000095BC0 /* Build configuration list for PBXProject "TrenchBroom" */;
			compatibilityVersion = "Xcode 3.2";
			developmentRegion = English;
			hasScannedForEncodings = 0;
			knownRegions = (
				en,
			);
			mainGroup = 484763C615E2BC5000095BC0;
			productRefGroup = 484763D215E2BC5000095BC0 /* Products */;
			projectDirPath = "";
			projectRoot = "";
			targets = (
				484763D015E2BC5000095BC0 /* TrenchBroom */,
			);
		};
/* End PBXProject section */

/* Begin PBXResourcesBuildPhase section */
		484763CF15E2BC5000095BC0 /* Resources */ = {
			isa = PBXResourcesBuildPhase;
			buildActionMask = 2147483647;
			files = (
				484763E015E2BC5000095BC0 /* InfoPlist.strings in Resources */,
			);
			runOnlyForDeploymentPostprocessing = 0;
		};
/* End PBXResourcesBuildPhase section */

/* Begin PBXSourcesBuildPhase section */
		484763CD15E2BC5000095BC0 /* Sources */ = {
			isa = PBXSourcesBuildPhase;
			buildActionMask = 2147483647;
			files = (
				4847640B15E2DEE100095BC0 /* MapDocument.cpp in Sources */,
				4847640E15E2E03000095BC0 /* Entity.cpp in Sources */,
				48D1BE9D15E2E5550073C030 /* Vec3f.cpp in Sources */,
				48D1BEA315E2F3BC0073C030 /* Mat4f.cpp in Sources */,
				48D1BEAE15E3AC060073C030 /* EditorView.cpp in Sources */,
				48D1BEB415E4237B0073C030 /* EditorFrame.cpp in Sources */,
				48D1BEB715E423F60073C030 /* TrenchBroomApp.cpp in Sources */,
				4810276615E4FBF000250C9C /* MapGLCanvas.cpp in Sources */,
				4810276C15E5313F00250C9C /* Inspector.cpp in Sources */,
				4810276F15E53DD300250C9C /* EntityDefinition.cpp in Sources */,
				4810277315E54A3000250C9C /* EntityDefinitionManager.cpp in Sources */,
				4810277F15E56F9B00250C9C /* StandardDefinitionParser.cpp in Sources */,
				4810278B15E67A7300250C9C /* Brush.cpp in Sources */,
				481028A015E68E5300250C9C /* Face.cpp in Sources */,
				481028A915E77A8D00250C9C /* Map.cpp in Sources */,
				48AF491F15E77BF90083DE52 /* BrushGeometry.cpp in Sources */,
				48AF492515E8265B0083DE52 /* Texture.cpp in Sources */,
				48AF492815E8CC270083DE52 /* MapParser.cpp in Sources */,
			);
			runOnlyForDeploymentPostprocessing = 0;
		};
/* End PBXSourcesBuildPhase section */

/* Begin PBXVariantGroup section */
		484763DE15E2BC5000095BC0 /* InfoPlist.strings */ = {
			isa = PBXVariantGroup;
			children = (
				484763DF15E2BC5000095BC0 /* en */,
			);
			name = InfoPlist.strings;
			sourceTree = "<group>";
		};
/* End PBXVariantGroup section */

/* Begin XCBuildConfiguration section */
		484763ED15E2BC5000095BC0 /* Debug */ = {
			isa = XCBuildConfiguration;
			buildSettings = {
				ALWAYS_SEARCH_USER_PATHS = NO;
				ARCHS = "$(ARCHS_STANDARD_64_BIT)";
				CLANG_CXX_LANGUAGE_STANDARD = "gnu++0x";
				CLANG_WARN__DUPLICATE_METHOD_MATCH = YES;
				COPY_PHASE_STRIP = NO;
				GCC_C_LANGUAGE_STANDARD = gnu99;
				GCC_DYNAMIC_NO_PIC = NO;
				GCC_ENABLE_OBJC_EXCEPTIONS = YES;
				GCC_OPTIMIZATION_LEVEL = 0;
				GCC_PREPROCESSOR_DEFINITIONS = (
					"DEBUG=1",
					"$(inherited)",
				);
				GCC_SYMBOLS_PRIVATE_EXTERN = NO;
				GCC_WARN_64_TO_32_BIT_CONVERSION = YES;
				GCC_WARN_ABOUT_RETURN_TYPE = YES;
				GCC_WARN_UNINITIALIZED_AUTOS = YES;
				GCC_WARN_UNUSED_VARIABLE = YES;
				MACOSX_DEPLOYMENT_TARGET = 10.8;
				ONLY_ACTIVE_ARCH = YES;
				SDKROOT = macosx;
			};
			name = Debug;
		};
		484763EE15E2BC5000095BC0 /* Release */ = {
			isa = XCBuildConfiguration;
			buildSettings = {
				ALWAYS_SEARCH_USER_PATHS = NO;
				ARCHS = "$(ARCHS_STANDARD_64_BIT)";
				CLANG_CXX_LANGUAGE_STANDARD = "gnu++0x";
				CLANG_WARN__DUPLICATE_METHOD_MATCH = YES;
				COPY_PHASE_STRIP = YES;
				DEBUG_INFORMATION_FORMAT = "dwarf-with-dsym";
				GCC_C_LANGUAGE_STANDARD = gnu99;
				GCC_ENABLE_OBJC_EXCEPTIONS = YES;
				GCC_WARN_64_TO_32_BIT_CONVERSION = YES;
				GCC_WARN_ABOUT_RETURN_TYPE = YES;
				GCC_WARN_UNINITIALIZED_AUTOS = YES;
				GCC_WARN_UNUSED_VARIABLE = YES;
				MACOSX_DEPLOYMENT_TARGET = 10.8;
				SDKROOT = macosx;
			};
			name = Release;
		};
		484763F015E2BC5000095BC0 /* Debug */ = {
			isa = XCBuildConfiguration;
			buildSettings = {
				ARCHS = "$(ARCHS_STANDARD_32_64_BIT)";
				COMBINE_HIDPI_IMAGES = YES;
				GCC_PRECOMPILE_PREFIX_HEADER = YES;
				GCC_PREFIX_HEADER = "TrenchBroom/TrenchBroom-Prefix.pch";
				HEADER_SEARCH_PATHS = ../Source;
				INFOPLIST_FILE = "TrenchBroom/TrenchBroom-Info.plist";
				MACOSX_DEPLOYMENT_TARGET = 10.6;
				OTHER_CFLAGS = (
					"-I/usr/local/lib/wx/include/osx_cocoa-unicode-2.9",
					"-I/usr/local/include/wx-2.9",
					"-D_FILE_OFFSET_BITS=64",
					"-DWXUSINGDLL",
					"-D__WXMAC__",
					"-D__WXOSX__",
					"-D__WXOSX_COCOA__",
				);
				OTHER_LDFLAGS = (
					"-L/usr/local/lib",
					"-framework",
					IOKit,
					"-framework",
					Carbon,
					"-framework",
					Cocoa,
					"-framework",
					AudioToolbox,
					"-framework",
					System,
					"-framework",
					OpenGL,
					"-framework",
					QuickTime,
					"-lwx_osx_cocoau_core-2.9",
					"-lwx_baseu-2.9",
					"-lwx_osx_cocoau_gl-2.9",
				);
				PRODUCT_NAME = "$(TARGET_NAME)";
				WRAPPER_EXTENSION = app;
			};
			name = Debug;
		};
		484763F115E2BC5000095BC0 /* Release */ = {
			isa = XCBuildConfiguration;
			buildSettings = {
				ARCHS = "$(ARCHS_STANDARD_32_64_BIT)";
				COMBINE_HIDPI_IMAGES = YES;
				GCC_PRECOMPILE_PREFIX_HEADER = YES;
				GCC_PREFIX_HEADER = "TrenchBroom/TrenchBroom-Prefix.pch";
				HEADER_SEARCH_PATHS = ../Source;
				INFOPLIST_FILE = "TrenchBroom/TrenchBroom-Info.plist";
				MACOSX_DEPLOYMENT_TARGET = 10.6;
				OTHER_CFLAGS = (
					"-I/usr/local/lib/wx/include/osx_cocoa-unicode-2.9",
					"-I/usr/local/include/wx-2.9",
					"-D_FILE_OFFSET_BITS=64",
					"-DWXUSINGDLL",
					"-D__WXMAC__",
					"-D__WXOSX__",
					"-D__WXOSX_COCOA__",
				);
				OTHER_LDFLAGS = (
					"-L/usr/local/lib",
					"-framework",
					IOKit,
					"-framework",
					Carbon,
					"-framework",
					Cocoa,
					"-framework",
					AudioToolbox,
					"-framework",
					System,
					"-framework",
					OpenGL,
					"-framework",
					QuickTime,
					"-lwx_osx_cocoau_core-2.9",
					"-lwx_baseu-2.9",
					"-lwx_osx_cocoau_gl-2.9",
				);
				PRODUCT_NAME = "$(TARGET_NAME)";
				WRAPPER_EXTENSION = app;
			};
			name = Release;
		};
/* End XCBuildConfiguration section */

/* Begin XCConfigurationList section */
		484763CB15E2BC5000095BC0 /* Build configuration list for PBXProject "TrenchBroom" */ = {
			isa = XCConfigurationList;
			buildConfigurations = (
				484763ED15E2BC5000095BC0 /* Debug */,
				484763EE15E2BC5000095BC0 /* Release */,
			);
			defaultConfigurationIsVisible = 0;
			defaultConfigurationName = Release;
		};
		484763EF15E2BC5000095BC0 /* Build configuration list for PBXNativeTarget "TrenchBroom" */ = {
			isa = XCConfigurationList;
			buildConfigurations = (
				484763F015E2BC5000095BC0 /* Debug */,
				484763F115E2BC5000095BC0 /* Release */,
			);
			defaultConfigurationIsVisible = 0;
			defaultConfigurationName = Release;
		};
/* End XCConfigurationList section */
	};
	rootObject = 484763C815E2BC5000095BC0 /* Project object */;
}
