// !$*UTF8*$!
{
	archiveVersion = 1;
	classes = {
	};
	objectVersion = 46;
	objects = {

/* Begin PBXBuildFile section */
		48B50E13152CF6E400E75402 /* Cocoa.framework in Frameworks */ = {isa = PBXBuildFile; fileRef = 48B50E12152CF6E400E75402 /* Cocoa.framework */; };
		48B50E1D152CF6E400E75402 /* InfoPlist.strings in Resources */ = {isa = PBXBuildFile; fileRef = 48B50E1B152CF6E400E75402 /* InfoPlist.strings */; };
		48B50E1F152CF6E400E75402 /* main.m in Sources */ = {isa = PBXBuildFile; fileRef = 48B50E1E152CF6E400E75402 /* main.m */; };
		48B50E23152CF6E400E75402 /* Credits.rtf in Resources */ = {isa = PBXBuildFile; fileRef = 48B50E21152CF6E400E75402 /* Credits.rtf */; };
		48B50E26152CF6E400E75402 /* Document.m in Sources */ = {isa = PBXBuildFile; fileRef = 48B50E25152CF6E400E75402 /* Document.m */; };
		48B50E29152CF6E400E75402 /* Document.xib in Resources */ = {isa = PBXBuildFile; fileRef = 48B50E27152CF6E400E75402 /* Document.xib */; };
		48B50E2C152CF6E400E75402 /* MainMenu.xib in Resources */ = {isa = PBXBuildFile; fileRef = 48B50E2A152CF6E400E75402 /* MainMenu.xib */; };
/* End PBXBuildFile section */

/* Begin PBXFileReference section */
		48B50E0E152CF6E400E75402 /* TrenchBroom.app */ = {isa = PBXFileReference; explicitFileType = wrapper.application; includeInIndex = 0; path = TrenchBroom.app; sourceTree = BUILT_PRODUCTS_DIR; };
		48B50E12152CF6E400E75402 /* Cocoa.framework */ = {isa = PBXFileReference; lastKnownFileType = wrapper.framework; name = Cocoa.framework; path = System/Library/Frameworks/Cocoa.framework; sourceTree = SDKROOT; };
		48B50E15152CF6E400E75402 /* AppKit.framework */ = {isa = PBXFileReference; lastKnownFileType = wrapper.framework; name = AppKit.framework; path = System/Library/Frameworks/AppKit.framework; sourceTree = SDKROOT; };
		48B50E16152CF6E400E75402 /* CoreData.framework */ = {isa = PBXFileReference; lastKnownFileType = wrapper.framework; name = CoreData.framework; path = System/Library/Frameworks/CoreData.framework; sourceTree = SDKROOT; };
		48B50E17152CF6E400E75402 /* Foundation.framework */ = {isa = PBXFileReference; lastKnownFileType = wrapper.framework; name = Foundation.framework; path = System/Library/Frameworks/Foundation.framework; sourceTree = SDKROOT; };
		48B50E1A152CF6E400E75402 /* TrenchBroom-Info.plist */ = {isa = PBXFileReference; lastKnownFileType = text.plist.xml; path = "TrenchBroom-Info.plist"; sourceTree = "<group>"; };
		48B50E1C152CF6E400E75402 /* en */ = {isa = PBXFileReference; lastKnownFileType = text.plist.strings; name = en; path = en.lproj/InfoPlist.strings; sourceTree = "<group>"; };
		48B50E1E152CF6E400E75402 /* main.m */ = {isa = PBXFileReference; lastKnownFileType = sourcecode.c.objc; path = main.m; sourceTree = "<group>"; };
		48B50E20152CF6E400E75402 /* TrenchBroom-Prefix.pch */ = {isa = PBXFileReference; lastKnownFileType = sourcecode.c.h; path = "TrenchBroom-Prefix.pch"; sourceTree = "<group>"; };
		48B50E22152CF6E400E75402 /* en */ = {isa = PBXFileReference; lastKnownFileType = text.rtf; name = en; path = en.lproj/Credits.rtf; sourceTree = "<group>"; };
		48B50E24152CF6E400E75402 /* Document.h */ = {isa = PBXFileReference; lastKnownFileType = sourcecode.c.h; path = Document.h; sourceTree = "<group>"; };
		48B50E25152CF6E400E75402 /* Document.m */ = {isa = PBXFileReference; lastKnownFileType = sourcecode.c.objc; path = Document.m; sourceTree = "<group>"; };
		48B50E28152CF6E400E75402 /* en */ = {isa = PBXFileReference; lastKnownFileType = file.xib; name = en; path = en.lproj/Document.xib; sourceTree = "<group>"; };
		48B50E2B152CF6E400E75402 /* en */ = {isa = PBXFileReference; lastKnownFileType = file.xib; name = en; path = en.lproj/MainMenu.xib; sourceTree = "<group>"; };
/* End PBXFileReference section */

/* Begin PBXFrameworksBuildPhase section */
		48B50E0B152CF6E400E75402 /* Frameworks */ = {
			isa = PBXFrameworksBuildPhase;
			buildActionMask = 2147483647;
			files = (
				48B50E13152CF6E400E75402 /* Cocoa.framework in Frameworks */,
			);
			runOnlyForDeploymentPostprocessing = 0;
		};
/* End PBXFrameworksBuildPhase section */

/* Begin PBXGroup section */
		48B50E03152CF6E400E75402 = {
			isa = PBXGroup;
			children = (
				48B50E18152CF6E400E75402 /* TrenchBroom */,
				48B50E11152CF6E400E75402 /* Frameworks */,
				48B50E0F152CF6E400E75402 /* Products */,
			);
			sourceTree = "<group>";
		};
		48B50E0F152CF6E400E75402 /* Products */ = {
			isa = PBXGroup;
			children = (
				48B50E0E152CF6E400E75402 /* TrenchBroom.app */,
			);
			name = Products;
			sourceTree = "<group>";
		};
		48B50E11152CF6E400E75402 /* Frameworks */ = {
			isa = PBXGroup;
			children = (
				48B50E12152CF6E400E75402 /* Cocoa.framework */,
				48B50E14152CF6E400E75402 /* Other Frameworks */,
			);
			name = Frameworks;
			sourceTree = "<group>";
		};
		48B50E14152CF6E400E75402 /* Other Frameworks */ = {
			isa = PBXGroup;
			children = (
				48B50E15152CF6E400E75402 /* AppKit.framework */,
				48B50E16152CF6E400E75402 /* CoreData.framework */,
				48B50E17152CF6E400E75402 /* Foundation.framework */,
			);
			name = "Other Frameworks";
			sourceTree = "<group>";
		};
		48B50E18152CF6E400E75402 /* TrenchBroom */ = {
			isa = PBXGroup;
			children = (
				48B50E24152CF6E400E75402 /* Document.h */,
				48B50E25152CF6E400E75402 /* Document.m */,
				48B50E27152CF6E400E75402 /* Document.xib */,
				48B50E2A152CF6E400E75402 /* MainMenu.xib */,
				48B50E19152CF6E400E75402 /* Supporting Files */,
			);
			path = TrenchBroom;
			sourceTree = "<group>";
		};
		48B50E19152CF6E400E75402 /* Supporting Files */ = {
			isa = PBXGroup;
			children = (
				48B50E1A152CF6E400E75402 /* TrenchBroom-Info.plist */,
				48B50E1B152CF6E400E75402 /* InfoPlist.strings */,
				48B50E1E152CF6E400E75402 /* main.m */,
				48B50E20152CF6E400E75402 /* TrenchBroom-Prefix.pch */,
				48B50E21152CF6E400E75402 /* Credits.rtf */,
			);
			name = "Supporting Files";
			sourceTree = "<group>";
		};
/* End PBXGroup section */

/* Begin PBXNativeTarget section */
		48B50E0D152CF6E400E75402 /* TrenchBroom */ = {
			isa = PBXNativeTarget;
			buildConfigurationList = 48B50E2F152CF6E400E75402 /* Build configuration list for PBXNativeTarget "TrenchBroom" */;
			buildPhases = (
				48B50E0A152CF6E400E75402 /* Sources */,
				48B50E0B152CF6E400E75402 /* Frameworks */,
				48B50E0C152CF6E400E75402 /* Resources */,
			);
			buildRules = (
			);
			dependencies = (
			);
			name = TrenchBroom;
			productName = TrenchBroom;
			productReference = 48B50E0E152CF6E400E75402 /* TrenchBroom.app */;
			productType = "com.apple.product-type.application";
		};
/* End PBXNativeTarget section */

/* Begin PBXProject section */
		48B50E05152CF6E400E75402 /* Project object */ = {
			isa = PBXProject;
			attributes = {
				LastUpgradeCheck = 0420;
				ORGANIZATIONNAME = "TU Berlin";
			};
			buildConfigurationList = 48B50E08152CF6E400E75402 /* Build configuration list for PBXProject "TrenchBroom" */;
			compatibilityVersion = "Xcode 3.2";
			developmentRegion = English;
			hasScannedForEncodings = 0;
			knownRegions = (
				en,
			);
			mainGroup = 48B50E03152CF6E400E75402;
			productRefGroup = 48B50E0F152CF6E400E75402 /* Products */;
			projectDirPath = "";
			projectRoot = "";
			targets = (
				48B50E0D152CF6E400E75402 /* TrenchBroom */,
			);
		};
/* End PBXProject section */

/* Begin PBXResourcesBuildPhase section */
		48B50E0C152CF6E400E75402 /* Resources */ = {
			isa = PBXResourcesBuildPhase;
			buildActionMask = 2147483647;
			files = (
				48B50E1D152CF6E400E75402 /* InfoPlist.strings in Resources */,
				48B50E23152CF6E400E75402 /* Credits.rtf in Resources */,
				48B50E29152CF6E400E75402 /* Document.xib in Resources */,
				48B50E2C152CF6E400E75402 /* MainMenu.xib in Resources */,
			);
			runOnlyForDeploymentPostprocessing = 0;
		};
/* End PBXResourcesBuildPhase section */

/* Begin PBXSourcesBuildPhase section */
		48B50E0A152CF6E400E75402 /* Sources */ = {
			isa = PBXSourcesBuildPhase;
			buildActionMask = 2147483647;
			files = (
				48B50E1F152CF6E400E75402 /* main.m in Sources */,
				48B50E26152CF6E400E75402 /* Document.m in Sources */,
			);
			runOnlyForDeploymentPostprocessing = 0;
		};
/* End PBXSourcesBuildPhase section */

/* Begin PBXVariantGroup section */
		48B50E1B152CF6E400E75402 /* InfoPlist.strings */ = {
			isa = PBXVariantGroup;
			children = (
				48B50E1C152CF6E400E75402 /* en */,
			);
			name = InfoPlist.strings;
			sourceTree = "<group>";
		};
		48B50E21152CF6E400E75402 /* Credits.rtf */ = {
			isa = PBXVariantGroup;
			children = (
				48B50E22152CF6E400E75402 /* en */,
			);
			name = Credits.rtf;
			sourceTree = "<group>";
		};
		48B50E27152CF6E400E75402 /* Document.xib */ = {
			isa = PBXVariantGroup;
			children = (
				48B50E28152CF6E400E75402 /* en */,
			);
			name = Document.xib;
			sourceTree = "<group>";
		};
		48B50E2A152CF6E400E75402 /* MainMenu.xib */ = {
			isa = PBXVariantGroup;
			children = (
				48B50E2B152CF6E400E75402 /* en */,
			);
			name = MainMenu.xib;
			sourceTree = "<group>";
		};
/* End PBXVariantGroup section */

/* Begin XCBuildConfiguration section */
		48B50E2D152CF6E400E75402 /* Debug */ = {
			isa = XCBuildConfiguration;
			buildSettings = {
				ALWAYS_SEARCH_USER_PATHS = NO;
				ARCHS = "$(ARCHS_STANDARD_64_BIT)";
				COPY_PHASE_STRIP = NO;
				GCC_C_LANGUAGE_STANDARD = gnu99;
				GCC_DYNAMIC_NO_PIC = NO;
				GCC_ENABLE_OBJC_EXCEPTIONS = YES;
				GCC_OPTIMIZATION_LEVEL = 0;
				GCC_PREPROCESSOR_DEFINITIONS = (
					"DEBUG=1",
					"$(inherited)",
				);
				GCC_SYMBOLS_PRIVATE_EXTERN = NO;
				GCC_VERSION = com.apple.compilers.llvm.clang.1_0;
				GCC_WARN_64_TO_32_BIT_CONVERSION = YES;
				GCC_WARN_ABOUT_MISSING_PROTOTYPES = YES;
				GCC_WARN_ABOUT_RETURN_TYPE = YES;
				GCC_WARN_UNUSED_VARIABLE = YES;
				MACOSX_DEPLOYMENT_TARGET = 10.7;
				ONLY_ACTIVE_ARCH = YES;
				SDKROOT = macosx;
			};
			name = Debug;
		};
		48B50E2E152CF6E400E75402 /* Release */ = {
			isa = XCBuildConfiguration;
			buildSettings = {
				ALWAYS_SEARCH_USER_PATHS = NO;
				ARCHS = "$(ARCHS_STANDARD_64_BIT)";
				COPY_PHASE_STRIP = YES;
				DEBUG_INFORMATION_FORMAT = "dwarf-with-dsym";
				GCC_C_LANGUAGE_STANDARD = gnu99;
				GCC_ENABLE_OBJC_EXCEPTIONS = YES;
				GCC_VERSION = com.apple.compilers.llvm.clang.1_0;
				GCC_WARN_64_TO_32_BIT_CONVERSION = YES;
				GCC_WARN_ABOUT_MISSING_PROTOTYPES = YES;
				GCC_WARN_ABOUT_RETURN_TYPE = YES;
				GCC_WARN_UNUSED_VARIABLE = YES;
				MACOSX_DEPLOYMENT_TARGET = 10.7;
				SDKROOT = macosx;
			};
			name = Release;
		};
		48B50E30152CF6E400E75402 /* Debug */ = {
			isa = XCBuildConfiguration;
			buildSettings = {
				GCC_PRECOMPILE_PREFIX_HEADER = YES;
				GCC_PREFIX_HEADER = "TrenchBroom/TrenchBroom-Prefix.pch";
				INFOPLIST_FILE = "TrenchBroom/TrenchBroom-Info.plist";
				PRODUCT_NAME = "$(TARGET_NAME)";
				WRAPPER_EXTENSION = app;
			};
			name = Debug;
		};
		48B50E31152CF6E400E75402 /* Release */ = {
			isa = XCBuildConfiguration;
			buildSettings = {
				GCC_PRECOMPILE_PREFIX_HEADER = YES;
				GCC_PREFIX_HEADER = "TrenchBroom/TrenchBroom-Prefix.pch";
				INFOPLIST_FILE = "TrenchBroom/TrenchBroom-Info.plist";
				PRODUCT_NAME = "$(TARGET_NAME)";
				WRAPPER_EXTENSION = app;
			};
			name = Release;
		};
/* End XCBuildConfiguration section */

/* Begin XCConfigurationList section */
		48B50E08152CF6E400E75402 /* Build configuration list for PBXProject "TrenchBroom" */ = {
			isa = XCConfigurationList;
			buildConfigurations = (
				48B50E2D152CF6E400E75402 /* Debug */,
				48B50E2E152CF6E400E75402 /* Release */,
			);
			defaultConfigurationIsVisible = 0;
			defaultConfigurationName = Release;
		};
		48B50E2F152CF6E400E75402 /* Build configuration list for PBXNativeTarget "TrenchBroom" */ = {
			isa = XCConfigurationList;
			buildConfigurations = (
				48B50E30152CF6E400E75402 /* Debug */,
				48B50E31152CF6E400E75402 /* Release */,
			);
			defaultConfigurationIsVisible = 0;
		};
/* End XCConfigurationList section */
	};
	rootObject = 48B50E05152CF6E400E75402 /* Project object */;
}
