
Microsoft Visual Studio Solution File, Format Version 11.00
# Visual Studio 2010
Project("{8BC9CEB8-8B4A-11D0-8D11-00A0C91BC942}") = "TrenchBroom", "TrenchBroom\TrenchBroom.vcxproj", "{55CA27DA-2A22-41A1-BFDD-08F0595605FA}"
EndProject
Project("{8BC9CEB8-8B4A-11D0-8D11-00A0C91BC942}") = "TrenchBroom-Test", "TrenchBroom-Test\TrenchBroom-Test.vcxproj", "{DC5B1ECF-5B8F-414D-AC98-BBBB28418C07}"
EndProject
Global
	GlobalSection(SolutionConfigurationPlatforms) = preSolution
		Debug|Win32 = Debug|Win32
		Release|Win32 = Release|Win32
	EndGlobalSection
	GlobalSection(ProjectConfigurationPlatforms) = postSolution
		{55CA27DA-2A22-41A1-BFDD-08F0595605FA}.Debug|Win32.ActiveCfg = Debug|Win32
		{55CA27DA-2A22-41A1-BFDD-08F0595605FA}.Debug|Win32.Build.0 = Debug|Win32
		{55CA27DA-2A22-41A1-BFDD-08F0595605FA}.Release|Win32.ActiveCfg = Release|Win32
		{55CA27DA-2A22-41A1-BFDD-08F0595605FA}.Release|Win32.Build.0 = Release|Win32
		{DC5B1ECF-5B8F-414D-AC98-BBBB28418C07}.Debug|Win32.ActiveCfg = Debug|Win32
		{DC5B1ECF-5B8F-414D-AC98-BBBB28418C07}.Debug|Win32.Build.0 = Debug|Win32
		{DC5B1ECF-5B8F-414D-AC98-BBBB28418C07}.Release|Win32.ActiveCfg = Release|Win32
		{DC5B1ECF-5B8F-414D-AC98-BBBB28418C07}.Release|Win32.Build.0 = Release|Win32
	EndGlobalSection
	GlobalSection(SolutionProperties) = preSolution
		HideSolutionNode = FALSE
	EndGlobalSection
EndGlobal
